// !$*UTF8*$!
{
	archiveVersion = 1;
	classes = {
	};
	objectVersion = 46;
	objects = {

/* Begin PBXBuildFile section */
		5600033E170546CA0043A9EE /* MBProgressHUD.m in Sources */ = {isa = PBXBuildFile; fileRef = 5600033D170546CA0043A9EE /* MBProgressHUD.m */; };
		5600034117056AE60043A9EE /* Device-Engine 1:2 Left.png in Resources */ = {isa = PBXBuildFile; fileRef = 5600033F17056AE60043A9EE /* Device-Engine 1:2 Left.png */; };
		5600034217056AE60043A9EE /* Device-Engine 1:2 Right.png in Resources */ = {isa = PBXBuildFile; fileRef = 5600034017056AE60043A9EE /* Device-Engine 1:2 Right.png */; };
		5609AC68170D43EF00BB5BE5 /* Device-Engine-blank-R.png in Resources */ = {isa = PBXBuildFile; fileRef = 5609AC67170D43EF00BB5BE5 /* Device-Engine-blank-R.png */; };
		5609AC6D170D446000BB5BE5 /* Device-HA-Appliance-degraded.png in Resources */ = {isa = PBXBuildFile; fileRef = 5609AC69170D446000BB5BE5 /* Device-HA-Appliance-degraded.png */; };
		5609AC6E170D446000BB5BE5 /* Device-HA-Appliance-disappeared.png in Resources */ = {isa = PBXBuildFile; fileRef = 5609AC6A170D446000BB5BE5 /* Device-HA-Appliance-disappeared.png */; };
		5609AC6F170D446000BB5BE5 /* Device-HA-Appliance-healthy.png in Resources */ = {isa = PBXBuildFile; fileRef = 5609AC6B170D446000BB5BE5 /* Device-HA-Appliance-healthy.png */; };
		5609AC70170D446000BB5BE5 /* Device-HA-Appliance-problem.png in Resources */ = {isa = PBXBuildFile; fileRef = 5609AC6C170D446000BB5BE5 /* Device-HA-Appliance-problem.png */; };
		5609AC76170D48C300BB5BE5 /* Home-Button-SiteView.png in Resources */ = {isa = PBXBuildFile; fileRef = 5609AC75170D48C300BB5BE5 /* Home-Button-SiteView.png */; };
		5609AC7A170D556C00BB5BE5 /* Item-Site.png in Resources */ = {isa = PBXBuildFile; fileRef = 5609AC79170D556C00BB5BE5 /* Item-Site.png */; };
		5609AC7D170D575A00BB5BE5 /* UISliderBackground.png in Resources */ = {isa = PBXBuildFile; fileRef = 5609AC7C170D575A00BB5BE5 /* UISliderBackground.png */; };
		5609AC7F170D5E0E00BB5BE5 /* coordinate.png in Resources */ = {isa = PBXBuildFile; fileRef = 5609AC7E170D5E0E00BB5BE5 /* coordinate.png */; };
		5609AC81170D61BF00BB5BE5 /* iTunesArtwork in Resources */ = {isa = PBXBuildFile; fileRef = 5609AC80170D61BF00BB5BE5 /* iTunesArtwork */; };
		5609AC84170D7AD500BB5BE5 /* CalloutBackground.png in Resources */ = {isa = PBXBuildFile; fileRef = 5609AC82170D7AD500BB5BE5 /* CalloutBackground.png */; };
		5609AC85170D7AD500BB5BE5 /* CalloutButton.png in Resources */ = {isa = PBXBuildFile; fileRef = 5609AC83170D7AD500BB5BE5 /* CalloutButton.png */; };
		5609AC87170D7B8200BB5BE5 /* SiteViewCarouselBackground.png in Resources */ = {isa = PBXBuildFile; fileRef = 5609AC86170D7B8100BB5BE5 /* SiteViewCarouselBackground.png */; };
		561284E216A8DF8E00F53C49 /* CustomPushSegue.m in Sources */ = {isa = PBXBuildFile; fileRef = 561284E116A8DE0800F53C49 /* CustomPushSegue.m */; };
		5612850B16A8E50600F53C49 /* FlipTopPopToRoot.m in Sources */ = {isa = PBXBuildFile; fileRef = 561284D616A7CDF200F53C49 /* FlipTopPopToRoot.m */; };
		5623C76216BD50F1009410B2 /* SanDatabase.m in Sources */ = {isa = PBXBuildFile; fileRef = 5623C76116BD50F0009410B2 /* SanDatabase.m */; };
		5623C77B16BD54BF009410B2 /* FMDatabase.m in Sources */ = {isa = PBXBuildFile; fileRef = 5623C77116BD54BF009410B2 /* FMDatabase.m */; };
		5623C77C16BD54BF009410B2 /* FMDatabaseAdditions.m in Sources */ = {isa = PBXBuildFile; fileRef = 5623C77316BD54BF009410B2 /* FMDatabaseAdditions.m */; };
		5623C77D16BD54BF009410B2 /* FMDatabasePool.m in Sources */ = {isa = PBXBuildFile; fileRef = 5623C77516BD54BF009410B2 /* FMDatabasePool.m */; };
		5623C77E16BD54BF009410B2 /* FMDatabaseQueue.m in Sources */ = {isa = PBXBuildFile; fileRef = 5623C77716BD54BF009410B2 /* FMDatabaseQueue.m */; };
		5623C78016BD54BF009410B2 /* FMResultSet.m in Sources */ = {isa = PBXBuildFile; fileRef = 5623C77A16BD54BF009410B2 /* FMResultSet.m */; };
		5623C78216BD565E009410B2 /* libsqlite3.0.dylib in Frameworks */ = {isa = PBXBuildFile; fileRef = 5623C78116BD565E009410B2 /* libsqlite3.0.dylib */; };
		563E63C4170B1E87008DD960 /* server.db in Resources */ = {isa = PBXBuildFile; fileRef = 563E63C3170B1E87008DD960 /* server.db */; };
		565057C616F7E8CA00CCFF7D /* HAApplianceConnectionViewController.m in Sources */ = {isa = PBXBuildFile; fileRef = 565057C516F7E8C900CCFF7D /* HAApplianceConnectionViewController.m */; };
		565057FF16F93BE800CCFF7D /* HAApplianceMirrorViewController.m in Sources */ = {isa = PBXBuildFile; fileRef = 565057FE16F93BE300CCFF7D /* HAApplianceMirrorViewController.m */; };
		56552E39170C0BBC000CA5FB /* Device-HBA-degraded.png in Resources */ = {isa = PBXBuildFile; fileRef = 56552E35170C0BBC000CA5FB /* Device-HBA-degraded.png */; };
		56552E3A170C0BBC000CA5FB /* Device-HBA-disappeared.png in Resources */ = {isa = PBXBuildFile; fileRef = 56552E36170C0BBC000CA5FB /* Device-HBA-disappeared.png */; };
		56552E3B170C0BBC000CA5FB /* Device-HBA-healthy.png in Resources */ = {isa = PBXBuildFile; fileRef = 56552E37170C0BBC000CA5FB /* Device-HBA-healthy.png */; };
		56552E3C170C0BBC000CA5FB /* Device-HBA-problem.png in Resources */ = {isa = PBXBuildFile; fileRef = 56552E38170C0BBC000CA5FB /* Device-HBA-problem.png */; };
		567FA37E1702CBA9000F5802 /* appicon144.png in Resources */ = {isa = PBXBuildFile; fileRef = 567FA33D1702CBA9000F5802 /* appicon144.png */; };
		567FA37F1702CBA9000F5802 /* appicon72.png in Resources */ = {isa = PBXBuildFile; fileRef = 567FA33E1702CBA9000F5802 /* appicon72.png */; };
		567FA3801702CBA9000F5802 /* background.png in Resources */ = {isa = PBXBuildFile; fileRef = 567FA33F1702CBA9000F5802 /* background.png */; };
		567FA3811702CBA9000F5802 /* button-Arrow.png in Resources */ = {isa = PBXBuildFile; fileRef = 567FA3401702CBA9000F5802 /* button-Arrow.png */; };
		567FA3821702CBA9000F5802 /* Button-Back.png in Resources */ = {isa = PBXBuildFile; fileRef = 567FA3411702CBA9000F5802 /* Button-Back.png */; };
		567FA3831702CBA9000F5802 /* Button-Home.png in Resources */ = {isa = PBXBuildFile; fileRef = 567FA3421702CBA9000F5802 /* Button-Home.png */; };
		567FA3841702CBA9000F5802 /* Button-Logout.png in Resources */ = {isa = PBXBuildFile; fileRef = 567FA3431702CBA9000F5802 /* Button-Logout.png */; };
		567FA3851702CBA9000F5802 /* Button-Vc.png in Resources */ = {isa = PBXBuildFile; fileRef = 567FA3441702CBA9000F5802 /* Button-Vc.png */; };
		567FA3861702CBA9000F5802 /* Button-Vf.png in Resources */ = {isa = PBXBuildFile; fileRef = 567FA3451702CBA9000F5802 /* Button-Vf.png */; };
		567FA3871702CBA9000F5802 /* Button-Vh.png in Resources */ = {isa = PBXBuildFile; fileRef = 567FA3461702CBA9000F5802 /* Button-Vh.png */; };
		567FA3881702CBA9000F5802 /* Button-Vi.png in Resources */ = {isa = PBXBuildFile; fileRef = 567FA3471702CBA9000F5802 /* Button-Vi.png */; };
		567FA3891702CBA9000F5802 /* Default-Landscape~ipad.png in Resources */ = {isa = PBXBuildFile; fileRef = 567FA3481702CBA9000F5802 /* Default-Landscape~ipad.png */; };
		567FA38A1702CBA9000F5802 /* Device-Drive-degraded.png in Resources */ = {isa = PBXBuildFile; fileRef = 567FA3491702CBA9000F5802 /* Device-Drive-degraded.png */; };
		567FA38B1702CBA9000F5802 /* Device-Drive-disappeared.png in Resources */ = {isa = PBXBuildFile; fileRef = 567FA34A1702CBA9000F5802 /* Device-Drive-disappeared.png */; };
		567FA38C1702CBA9000F5802 /* Device-Drive-healthy.png in Resources */ = {isa = PBXBuildFile; fileRef = 567FA34B1702CBA9000F5802 /* Device-Drive-healthy.png */; };
		567FA38D1702CBA9000F5802 /* Device-Drive-problem.png in Resources */ = {isa = PBXBuildFile; fileRef = 567FA34C1702CBA9000F5802 /* Device-Drive-problem.png */; };
		567FA38E1702CBA9000F5802 /* Device-Engine.png in Resources */ = {isa = PBXBuildFile; fileRef = 567FA34D1702CBA9000F5802 /* Device-Engine.png */; };
		567FA3931702CBA9000F5802 /* Device-LUN-member-blue.png in Resources */ = {isa = PBXBuildFile; fileRef = 567FA3521702CBA9000F5802 /* Device-LUN-member-blue.png */; };
		567FA3941702CBA9000F5802 /* Device-LUN-member-green.png in Resources */ = {isa = PBXBuildFile; fileRef = 567FA3531702CBA9000F5802 /* Device-LUN-member-green.png */; };
		567FA3951702CBA9000F5802 /* Device-LUN-unit-healthy.png in Resources */ = {isa = PBXBuildFile; fileRef = 567FA3541702CBA9000F5802 /* Device-LUN-unit-healthy.png */; };
		567FA3961702CBA9000F5802 /* Device-PC.png in Resources */ = {isa = PBXBuildFile; fileRef = 567FA3551702CBA9000F5802 /* Device-PC.png */; };
		567FA3971702CBA9000F5802 /* Device-Raid-degraded.png in Resources */ = {isa = PBXBuildFile; fileRef = 567FA3561702CBA9000F5802 /* Device-Raid-degraded.png */; };
		567FA3981702CBA9000F5802 /* Device-Raid-disappeared.png in Resources */ = {isa = PBXBuildFile; fileRef = 567FA3571702CBA9000F5802 /* Device-Raid-disappeared.png */; };
		567FA3991702CBA9000F5802 /* Device-Raid-healthy.png in Resources */ = {isa = PBXBuildFile; fileRef = 567FA3581702CBA9000F5802 /* Device-Raid-healthy.png */; };
		567FA39A1702CBA9000F5802 /* Device-Raid-problem.png in Resources */ = {isa = PBXBuildFile; fileRef = 567FA3591702CBA9000F5802 /* Device-Raid-problem.png */; };
		567FA39C1702CBA9000F5802 /* Device-Volume-degraded.png in Resources */ = {isa = PBXBuildFile; fileRef = 567FA35B1702CBA9000F5802 /* Device-Volume-degraded.png */; };
		567FA39D1702CBA9000F5802 /* Device-Volume-disappeared.png in Resources */ = {isa = PBXBuildFile; fileRef = 567FA35C1702CBA9000F5802 /* Device-Volume-disappeared.png */; };
		567FA39E1702CBA9000F5802 /* Device-Volume-healthy.png in Resources */ = {isa = PBXBuildFile; fileRef = 567FA35D1702CBA9000F5802 /* Device-Volume-healthy.png */; };
		567FA39F1702CBA9000F5802 /* Device-Volume-problem.png in Resources */ = {isa = PBXBuildFile; fileRef = 567FA35E1702CBA9000F5802 /* Device-Volume-problem.png */; };
		567FA3A01702CBA9000F5802 /* Hexagonal.png in Resources */ = {isa = PBXBuildFile; fileRef = 567FA35F1702CBA9000F5802 /* Hexagonal.png */; };
		567FA3A11702CBA9000F5802 /* Home-Button-DriveView.png in Resources */ = {isa = PBXBuildFile; fileRef = 567FA3601702CBA9000F5802 /* Home-Button-DriveView.png */; };
		567FA3A21702CBA9000F5802 /* Home-Button-HAApplianceView.png in Resources */ = {isa = PBXBuildFile; fileRef = 567FA3611702CBA9000F5802 /* Home-Button-HAApplianceView.png */; };
		567FA3A31702CBA9000F5802 /* Home-Button-HBAView.png in Resources */ = {isa = PBXBuildFile; fileRef = 567FA3621702CBA9000F5802 /* Home-Button-HBAView.png */; };
		567FA3A41702CBA9000F5802 /* Home-Button-RaidView.png in Resources */ = {isa = PBXBuildFile; fileRef = 567FA3631702CBA9000F5802 /* Home-Button-RaidView.png */; };
		567FA3A51702CBA9000F5802 /* Home-Button-VolumeView.png in Resources */ = {isa = PBXBuildFile; fileRef = 567FA3641702CBA9000F5802 /* Home-Button-VolumeView.png */; };
		567FA3A61702CBA9000F5802 /* image-RAID-Configuration.png in Resources */ = {isa = PBXBuildFile; fileRef = 567FA3651702CBA9000F5802 /* image-RAID-Configuration.png */; };
		567FA3A71702CBA9000F5802 /* Information-Board.png in Resources */ = {isa = PBXBuildFile; fileRef = 567FA3661702CBA9000F5802 /* Information-Board.png */; };
		567FA3A81702CBA9000F5802 /* off.png in Resources */ = {isa = PBXBuildFile; fileRef = 567FA3671702CBA9000F5802 /* off.png */; };
		567FA3A91702CBA9000F5802 /* Search-Bar.png in Resources */ = {isa = PBXBuildFile; fileRef = 567FA3681702CBA9000F5802 /* Search-Bar.png */; };
		567FA3AA1702CBA9000F5802 /* text-CircularMode.png in Resources */ = {isa = PBXBuildFile; fileRef = 567FA3691702CBA9000F5802 /* text-CircularMode.png */; };
		567FA3AB1702CBA9000F5802 /* Text-Connection.png in Resources */ = {isa = PBXBuildFile; fileRef = 567FA36A1702CBA9000F5802 /* Text-Connection.png */; };
		567FA3AC1702CBA9000F5802 /* Text-CrystalSAN.png in Resources */ = {isa = PBXBuildFile; fileRef = 567FA36B1702CBA9000F5802 /* Text-CrystalSAN.png */; };
		567FA3AD1702CBA9000F5802 /* text-DiagonalMode.png in Resources */ = {isa = PBXBuildFile; fileRef = 567FA36C1702CBA9000F5802 /* text-DiagonalMode.png */; };
		567FA3AE1702CBA9000F5802 /* Text-Drive View.png in Resources */ = {isa = PBXBuildFile; fileRef = 567FA36D1702CBA9000F5802 /* Text-Drive View.png */; };
		567FA3AF1702CBA9000F5802 /* Text-HA Appliance View - Cluster.png in Resources */ = {isa = PBXBuildFile; fileRef = 567FA36E1702CBA9000F5802 /* Text-HA Appliance View - Cluster.png */; };
		567FA3B01702CBA9000F5802 /* Text-HA Appliance View - Connection.png in Resources */ = {isa = PBXBuildFile; fileRef = 567FA36F1702CBA9000F5802 /* Text-HA Appliance View - Connection.png */; };
		567FA3B11702CBA9000F5802 /* Text-HA Appliance View - History.png in Resources */ = {isa = PBXBuildFile; fileRef = 567FA3701702CBA9000F5802 /* Text-HA Appliance View - History.png */; };
		567FA3B21702CBA9000F5802 /* Text-HA Appliance View - Mirror.png in Resources */ = {isa = PBXBuildFile; fileRef = 567FA3711702CBA9000F5802 /* Text-HA Appliance View - Mirror.png */; };
		567FA3B31702CBA9000F5802 /* Text-HA Appliance View.png in Resources */ = {isa = PBXBuildFile; fileRef = 567FA3721702CBA9000F5802 /* Text-HA Appliance View.png */; };
		567FA3B41702CBA9000F5802 /* Text-HBA View.png in Resources */ = {isa = PBXBuildFile; fileRef = 567FA3731702CBA9000F5802 /* Text-HBA View.png */; };
		567FA3B51702CBA9000F5802 /* Text-Home.png in Resources */ = {isa = PBXBuildFile; fileRef = 567FA3741702CBA9000F5802 /* Text-Home.png */; };
		567FA3B61702CBA9000F5802 /* Text-Map.png in Resources */ = {isa = PBXBuildFile; fileRef = 567FA3751702CBA9000F5802 /* Text-Map.png */; };
		567FA3B71702CBA9000F5802 /* Text-RAID View.png in Resources */ = {isa = PBXBuildFile; fileRef = 567FA3761702CBA9000F5802 /* Text-RAID View.png */; };
		567FA3B81702CBA9000F5802 /* Text-Vc.png in Resources */ = {isa = PBXBuildFile; fileRef = 567FA3771702CBA9000F5802 /* Text-Vc.png */; };
		567FA3B91702CBA9000F5802 /* Text-Vf.png in Resources */ = {isa = PBXBuildFile; fileRef = 567FA3781702CBA9000F5802 /* Text-Vf.png */; };
		567FA3BA1702CBA9000F5802 /* Text-Vi.png in Resources */ = {isa = PBXBuildFile; fileRef = 567FA3791702CBA9000F5802 /* Text-Vi.png */; };
		567FA3BB1702CBA9000F5802 /* Text-Volume View.png in Resources */ = {isa = PBXBuildFile; fileRef = 567FA37A1702CBA9000F5802 /* Text-Volume View.png */; };
		567FA3BC1702CBA9000F5802 /* uislider-left.png in Resources */ = {isa = PBXBuildFile; fileRef = 567FA37B1702CBA9000F5802 /* uislider-left.png */; };
		567FA3BD1702CBA9000F5802 /* uislider-right.png in Resources */ = {isa = PBXBuildFile; fileRef = 567FA37C1702CBA9000F5802 /* uislider-right.png */; };
		567FA3BE1702CBA9000F5802 /* uislider-thumb.png in Resources */ = {isa = PBXBuildFile; fileRef = 567FA37D1702CBA9000F5802 /* uislider-thumb.png */; };
		5690A8AE16FC88D6007FDC32 /* MapViewController.m in Sources */ = {isa = PBXBuildFile; fileRef = 5690A8AD16FC88D6007FDC32 /* MapViewController.m */; };
		5690A8B016FC8A68007FDC32 /* MapKit.framework in Frameworks */ = {isa = PBXBuildFile; fileRef = 5690A8AF16FC8A68007FDC32 /* MapKit.framework */; };
		56956C1016FEDE0100F60A8A /* MKMapView+ZoomLevel.m in Sources */ = {isa = PBXBuildFile; fileRef = 56956C0E16FEDE0100F60A8A /* MKMapView+ZoomLevel.m */; };
		56956C1116FEDE0100F60A8A /* README.markdown in Resources */ = {isa = PBXBuildFile; fileRef = 56956C0F16FEDE0100F60A8A /* README.markdown */; };
		56956C1316FF09A900F60A8A /* CoreLocation.framework in Frameworks */ = {isa = PBXBuildFile; fileRef = 56956C1216FF09A900F60A8A /* CoreLocation.framework */; };
		56956C1717014A0200F60A8A /* FLLocation.m in Sources */ = {isa = PBXBuildFile; fileRef = 56956C151701447700F60A8A /* FLLocation.m */; };
		56AC7655170A9AB100FAAF78 /* Device-Engine-healthy-L.png in Resources */ = {isa = PBXBuildFile; fileRef = 56AC764F170A9AB100FAAF78 /* Device-Engine-healthy-L.png */; };
		56AC7656170A9AB100FAAF78 /* Device-Engine-healthy-R.png in Resources */ = {isa = PBXBuildFile; fileRef = 56AC7650170A9AB100FAAF78 /* Device-Engine-healthy-R.png */; };
		56AC7657170A9AB100FAAF78 /* Device-Engine-healthy.png in Resources */ = {isa = PBXBuildFile; fileRef = 56AC7651170A9AB100FAAF78 /* Device-Engine-healthy.png */; };
		56AC7658170A9AB100FAAF78 /* Device-Engine-problem-L.png in Resources */ = {isa = PBXBuildFile; fileRef = 56AC7652170A9AB100FAAF78 /* Device-Engine-problem-L.png */; };
		56AC7659170A9AB100FAAF78 /* Device-Engine-problem-R.png in Resources */ = {isa = PBXBuildFile; fileRef = 56AC7653170A9AB100FAAF78 /* Device-Engine-problem-R.png */; };
		56AC765A170A9AB100FAAF78 /* Device-Engine-problem.png in Resources */ = {isa = PBXBuildFile; fileRef = 56AC7654170A9AB100FAAF78 /* Device-Engine-problem.png */; };
		56AC7673170A9F3700FAAF78 /* LICENSE.txt in Resources */ = {isa = PBXBuildFile; fileRef = 56AC7660170A9F3700FAAF78 /* LICENSE.txt */; };
		56AC7674170A9F3700FAAF78 /* SourceCodePro-Black.otf in Resources */ = {isa = PBXBuildFile; fileRef = 56AC7662170A9F3700FAAF78 /* SourceCodePro-Black.otf */; };
		56AC7675170A9F3700FAAF78 /* SourceCodePro-Bold.otf in Resources */ = {isa = PBXBuildFile; fileRef = 56AC7663170A9F3700FAAF78 /* SourceCodePro-Bold.otf */; };
		56AC767B170A9F3700FAAF78 /* ReadMe.html in Resources */ = {isa = PBXBuildFile; fileRef = 56AC7669170A9F3700FAAF78 /* ReadMe.html */; };
		56AC767C170A9F3700FAAF78 /* SourceCodeProReadMe.html in Resources */ = {isa = PBXBuildFile; fileRef = 56AC766A170A9F3700FAAF78 /* SourceCodeProReadMe.html */; };
		56BD567016E99A8400E56664 /* Settings.bundle in Resources */ = {isa = PBXBuildFile; fileRef = 56BD566F16E99A8400E56664 /* Settings.bundle */; };
		56BDEC73169BE6D10076CD6B /* RaidViewVcController.m in Sources */ = {isa = PBXBuildFile; fileRef = 56BDEC72169BE6D10076CD6B /* RaidViewVcController.m */; };
		56C4AF6D16F1A24800E829A2 /* XMLParser.m in Sources */ = {isa = PBXBuildFile; fileRef = 56C4AF6C16F1A24800E829A2 /* XMLParser.m */; };
		56C9874E16E44CB20066AC2C /* DriveViewController.m in Sources */ = {isa = PBXBuildFile; fileRef = 56C9874D16E44CB20066AC2C /* DriveViewController.m */; };
		56C9875316E452E00066AC2C /* HbaViewController.m in Sources */ = {isa = PBXBuildFile; fileRef = 56C9875216E452E00066AC2C /* HbaViewController.m */; };
		56D191D816E080F0002BB2B5 /* MirrorViewRController.m in Sources */ = {isa = PBXBuildFile; fileRef = 56D191D716E080F0002BB2B5 /* MirrorViewRController.m */; };
		56D191DB16E085DB002BB2B5 /* HAApplianceClusterViewController.m in Sources */ = {isa = PBXBuildFile; fileRef = 56D191DA16E085DB002BB2B5 /* HAApplianceClusterViewController.m */; };
		56EB75321689D06A0082A5D2 /* UIKit.framework in Frameworks */ = {isa = PBXBuildFile; fileRef = 56EB75311689D06A0082A5D2 /* UIKit.framework */; };
		56EB75341689D06A0082A5D2 /* Foundation.framework in Frameworks */ = {isa = PBXBuildFile; fileRef = 56EB75331689D06A0082A5D2 /* Foundation.framework */; };
		56EB75361689D06A0082A5D2 /* CoreGraphics.framework in Frameworks */ = {isa = PBXBuildFile; fileRef = 56EB75351689D06A0082A5D2 /* CoreGraphics.framework */; };
		56EB753C1689D06A0082A5D2 /* InfoPlist.strings in Resources */ = {isa = PBXBuildFile; fileRef = 56EB753A1689D06A0082A5D2 /* InfoPlist.strings */; };
		56EB753E1689D06A0082A5D2 /* main.m in Sources */ = {isa = PBXBuildFile; fileRef = 56EB753D1689D06A0082A5D2 /* main.m */; };
		56EB75421689D06A0082A5D2 /* AppDelegate.m in Sources */ = {isa = PBXBuildFile; fileRef = 56EB75411689D06A0082A5D2 /* AppDelegate.m */; };
		56EB75441689D06A0082A5D2 /* Default.png in Resources */ = {isa = PBXBuildFile; fileRef = 56EB75431689D06A0082A5D2 /* Default.png */; };
		56EB75461689D06A0082A5D2 /* Default@2x.png in Resources */ = {isa = PBXBuildFile; fileRef = 56EB75451689D06A0082A5D2 /* Default@2x.png */; };
		56EB75481689D06A0082A5D2 /* Default-568h@2x.png in Resources */ = {isa = PBXBuildFile; fileRef = 56EB75471689D06A0082A5D2 /* Default-568h@2x.png */; };
		56EB754B1689D06A0082A5D2 /* MainStoryboard.storyboard in Resources */ = {isa = PBXBuildFile; fileRef = 56EB75491689D06A0082A5D2 /* MainStoryboard.storyboard */; };
		56EB754E1689D06A0082A5D2 /* MainViewController.m in Sources */ = {isa = PBXBuildFile; fileRef = 56EB754D1689D06A0082A5D2 /* MainViewController.m */; };
		56EB756A1689D2E00082A5D2 /* QuartzCore.framework in Frameworks */ = {isa = PBXBuildFile; fileRef = 56EB75691689D2DF0082A5D2 /* QuartzCore.framework */; };
		56EB756E168AA1790082A5D2 /* ReadMe.txt in Resources */ = {isa = PBXBuildFile; fileRef = 56EB756D168AA1790082A5D2 /* ReadMe.txt */; };
		56EB756F168AB0670082A5D2 /* iCarousel.m in Sources */ = {isa = PBXBuildFile; fileRef = 56EB75681689D26B0082A5D2 /* iCarousel.m */; };
		56EB7578168BF70B0082A5D2 /* RaidViewController.m in Sources */ = {isa = PBXBuildFile; fileRef = 56EB7577168BF70B0082A5D2 /* RaidViewController.m */; };
		56EB757B168BFA680082A5D2 /* VolumeViewController.m in Sources */ = {isa = PBXBuildFile; fileRef = 56EB757A168BFA670082A5D2 /* VolumeViewController.m */; };
		56EB757E168BFA800082A5D2 /* HAApplianceViewController.m in Sources */ = {isa = PBXBuildFile; fileRef = 56EB757D168BFA800082A5D2 /* HAApplianceViewController.m */; };
/* End PBXBuildFile section */

/* Begin PBXFileReference section */
		5600033C170546CA0043A9EE /* MBProgressHUD.h */ = {isa = PBXFileReference; fileEncoding = 4; lastKnownFileType = sourcecode.c.h; path = MBProgressHUD.h; sourceTree = "<group>"; };
		5600033D170546CA0043A9EE /* MBProgressHUD.m */ = {isa = PBXFileReference; fileEncoding = 4; lastKnownFileType = sourcecode.c.objc; path = MBProgressHUD.m; sourceTree = "<group>"; };
		5600033F17056AE60043A9EE /* Device-Engine 1:2 Left.png */ = {isa = PBXFileReference; lastKnownFileType = image.png; path = "Device-Engine 1:2 Left.png"; sourceTree = "<group>"; };
		5600034017056AE60043A9EE /* Device-Engine 1:2 Right.png */ = {isa = PBXFileReference; lastKnownFileType = image.png; path = "Device-Engine 1:2 Right.png"; sourceTree = "<group>"; };
		5609AC67170D43EF00BB5BE5 /* Device-Engine-blank-R.png */ = {isa = PBXFileReference; lastKnownFileType = image.png; path = "Device-Engine-blank-R.png"; sourceTree = "<group>"; };
		5609AC69170D446000BB5BE5 /* Device-HA-Appliance-degraded.png */ = {isa = PBXFileReference; lastKnownFileType = image.png; path = "Device-HA-Appliance-degraded.png"; sourceTree = "<group>"; };
		5609AC6A170D446000BB5BE5 /* Device-HA-Appliance-disappeared.png */ = {isa = PBXFileReference; lastKnownFileType = image.png; path = "Device-HA-Appliance-disappeared.png"; sourceTree = "<group>"; };
		5609AC6B170D446000BB5BE5 /* Device-HA-Appliance-healthy.png */ = {isa = PBXFileReference; lastKnownFileType = image.png; path = "Device-HA-Appliance-healthy.png"; sourceTree = "<group>"; };
		5609AC6C170D446000BB5BE5 /* Device-HA-Appliance-problem.png */ = {isa = PBXFileReference; lastKnownFileType = image.png; path = "Device-HA-Appliance-problem.png"; sourceTree = "<group>"; };
		5609AC75170D48C300BB5BE5 /* Home-Button-SiteView.png */ = {isa = PBXFileReference; lastKnownFileType = image.png; path = "Home-Button-SiteView.png"; sourceTree = "<group>"; };
		5609AC79170D556C00BB5BE5 /* Item-Site.png */ = {isa = PBXFileReference; lastKnownFileType = image.png; path = "Item-Site.png"; sourceTree = "<group>"; };
		5609AC7C170D575A00BB5BE5 /* UISliderBackground.png */ = {isa = PBXFileReference; lastKnownFileType = image.png; path = UISliderBackground.png; sourceTree = "<group>"; };
		5609AC7E170D5E0E00BB5BE5 /* coordinate.png */ = {isa = PBXFileReference; lastKnownFileType = image.png; path = coordinate.png; sourceTree = "<group>"; };
		5609AC80170D61BF00BB5BE5 /* iTunesArtwork */ = {isa = PBXFileReference; lastKnownFileType = file; path = iTunesArtwork; sourceTree = "<group>"; };
		5609AC82170D7AD500BB5BE5 /* CalloutBackground.png */ = {isa = PBXFileReference; lastKnownFileType = image.png; path = CalloutBackground.png; sourceTree = "<group>"; };
		5609AC83170D7AD500BB5BE5 /* CalloutButton.png */ = {isa = PBXFileReference; lastKnownFileType = image.png; path = CalloutButton.png; sourceTree = "<group>"; };
		5609AC86170D7B8100BB5BE5 /* SiteViewCarouselBackground.png */ = {isa = PBXFileReference; lastKnownFileType = image.png; path = SiteViewCarouselBackground.png; sourceTree = "<group>"; };
		560EC26916FC54CC000B505C /* script.sh */ = {isa = PBXFileReference; fileEncoding = 4; lastKnownFileType = text.script.sh; path = script.sh; sourceTree = "<group>"; };
		560EC27516FC54CC000B505C /* scan_ha_cluster.exp */ = {isa = PBXFileReference; fileEncoding = 4; lastKnownFileType = sourcecode.exports; path = scan_ha_cluster.exp; sourceTree = "<group>"; xcLanguageSpecificationIdentifier = xcode.lang.simpleColoring; };
		560EC27816FC54CC000B505C /* test_parse_engine_all.exp */ = {isa = PBXFileReference; fileEncoding = 4; lastKnownFileType = sourcecode.exports; path = test_parse_engine_all.exp; sourceTree = "<group>"; };
		561284D616A7CDF200F53C49 /* FlipTopPopToRoot.m */ = {isa = PBXFileReference; lastKnownFileType = sourcecode.c.objc; path = FlipTopPopToRoot.m; sourceTree = "<group>"; };
		561284D716A7CDF200F53C49 /* FlipTopPopToRoot.h */ = {isa = PBXFileReference; lastKnownFileType = sourcecode.c.h; path = FlipTopPopToRoot.h; sourceTree = "<group>"; };
		561284E016A8DE0800F53C49 /* CustomPushSegue.h */ = {isa = PBXFileReference; lastKnownFileType = sourcecode.c.h; path = CustomPushSegue.h; sourceTree = "<group>"; };
		561284E116A8DE0800F53C49 /* CustomPushSegue.m */ = {isa = PBXFileReference; lastKnownFileType = sourcecode.c.objc; path = CustomPushSegue.m; sourceTree = "<group>"; };
		5623C76016BD50F0009410B2 /* SanDatabase.h */ = {isa = PBXFileReference; fileEncoding = 4; lastKnownFileType = sourcecode.c.h; path = SanDatabase.h; sourceTree = "<group>"; };
		5623C76116BD50F0009410B2 /* SanDatabase.m */ = {isa = PBXFileReference; fileEncoding = 4; lastKnownFileType = sourcecode.c.objc; path = SanDatabase.m; sourceTree = "<group>"; };
		5623C77016BD54BF009410B2 /* FMDatabase.h */ = {isa = PBXFileReference; fileEncoding = 4; lastKnownFileType = sourcecode.c.h; path = FMDatabase.h; sourceTree = "<group>"; };
		5623C77116BD54BF009410B2 /* FMDatabase.m */ = {isa = PBXFileReference; fileEncoding = 4; lastKnownFileType = sourcecode.c.objc; path = FMDatabase.m; sourceTree = "<group>"; };
		5623C77216BD54BF009410B2 /* FMDatabaseAdditions.h */ = {isa = PBXFileReference; fileEncoding = 4; lastKnownFileType = sourcecode.c.h; path = FMDatabaseAdditions.h; sourceTree = "<group>"; };
		5623C77316BD54BF009410B2 /* FMDatabaseAdditions.m */ = {isa = PBXFileReference; fileEncoding = 4; lastKnownFileType = sourcecode.c.objc; path = FMDatabaseAdditions.m; sourceTree = "<group>"; };
		5623C77416BD54BF009410B2 /* FMDatabasePool.h */ = {isa = PBXFileReference; fileEncoding = 4; lastKnownFileType = sourcecode.c.h; path = FMDatabasePool.h; sourceTree = "<group>"; };
		5623C77516BD54BF009410B2 /* FMDatabasePool.m */ = {isa = PBXFileReference; fileEncoding = 4; lastKnownFileType = sourcecode.c.objc; path = FMDatabasePool.m; sourceTree = "<group>"; };
		5623C77616BD54BF009410B2 /* FMDatabaseQueue.h */ = {isa = PBXFileReference; fileEncoding = 4; lastKnownFileType = sourcecode.c.h; path = FMDatabaseQueue.h; sourceTree = "<group>"; };
		5623C77716BD54BF009410B2 /* FMDatabaseQueue.m */ = {isa = PBXFileReference; fileEncoding = 4; lastKnownFileType = sourcecode.c.objc; path = FMDatabaseQueue.m; sourceTree = "<group>"; };
		5623C77916BD54BF009410B2 /* FMResultSet.h */ = {isa = PBXFileReference; fileEncoding = 4; lastKnownFileType = sourcecode.c.h; path = FMResultSet.h; sourceTree = "<group>"; };
		5623C77A16BD54BF009410B2 /* FMResultSet.m */ = {isa = PBXFileReference; fileEncoding = 4; lastKnownFileType = sourcecode.c.objc; path = FMResultSet.m; sourceTree = "<group>"; };
		5623C78116BD565E009410B2 /* libsqlite3.0.dylib */ = {isa = PBXFileReference; lastKnownFileType = "compiled.mach-o.dylib"; name = libsqlite3.0.dylib; path = usr/lib/libsqlite3.0.dylib; sourceTree = SDKROOT; };
		563E63C3170B1E87008DD960 /* server.db */ = {isa = PBXFileReference; lastKnownFileType = file; path = server.db; sourceTree = "<group>"; };
		565057C416F7E8BC00CCFF7D /* HAApplianceConnectionViewController.h */ = {isa = PBXFileReference; fileEncoding = 4; lastKnownFileType = sourcecode.c.h; path = HAApplianceConnectionViewController.h; sourceTree = "<group>"; };
		565057C516F7E8C900CCFF7D /* HAApplianceConnectionViewController.m */ = {isa = PBXFileReference; fileEncoding = 4; lastKnownFileType = sourcecode.c.objc; path = HAApplianceConnectionViewController.m; sourceTree = "<group>"; };
		565057FD16F93BD300CCFF7D /* HAApplianceMirrorViewController.h */ = {isa = PBXFileReference; fileEncoding = 4; lastKnownFileType = sourcecode.c.h; path = HAApplianceMirrorViewController.h; sourceTree = "<group>"; };
		565057FE16F93BE300CCFF7D /* HAApplianceMirrorViewController.m */ = {isa = PBXFileReference; fileEncoding = 4; lastKnownFileType = sourcecode.c.objc; path = HAApplianceMirrorViewController.m; sourceTree = "<group>"; };
		56552E35170C0BBC000CA5FB /* Device-HBA-degraded.png */ = {isa = PBXFileReference; lastKnownFileType = image.png; path = "Device-HBA-degraded.png"; sourceTree = "<group>"; };
		56552E36170C0BBC000CA5FB /* Device-HBA-disappeared.png */ = {isa = PBXFileReference; lastKnownFileType = image.png; path = "Device-HBA-disappeared.png"; sourceTree = "<group>"; };
		56552E37170C0BBC000CA5FB /* Device-HBA-healthy.png */ = {isa = PBXFileReference; lastKnownFileType = image.png; path = "Device-HBA-healthy.png"; sourceTree = "<group>"; };
		56552E38170C0BBC000CA5FB /* Device-HBA-problem.png */ = {isa = PBXFileReference; lastKnownFileType = image.png; path = "Device-HBA-problem.png"; sourceTree = "<group>"; };
		567FA33D1702CBA9000F5802 /* appicon144.png */ = {isa = PBXFileReference; lastKnownFileType = image.png; path = appicon144.png; sourceTree = "<group>"; };
		567FA33E1702CBA9000F5802 /* appicon72.png */ = {isa = PBXFileReference; lastKnownFileType = image.png; path = appicon72.png; sourceTree = "<group>"; };
		567FA33F1702CBA9000F5802 /* background.png */ = {isa = PBXFileReference; lastKnownFileType = image.png; path = background.png; sourceTree = "<group>"; };
		567FA3401702CBA9000F5802 /* button-Arrow.png */ = {isa = PBXFileReference; lastKnownFileType = image.png; path = "button-Arrow.png"; sourceTree = "<group>"; };
		567FA3411702CBA9000F5802 /* Button-Back.png */ = {isa = PBXFileReference; lastKnownFileType = image.png; path = "Button-Back.png"; sourceTree = "<group>"; };
		567FA3421702CBA9000F5802 /* Button-Home.png */ = {isa = PBXFileReference; lastKnownFileType = image.png; path = "Button-Home.png"; sourceTree = "<group>"; };
		567FA3431702CBA9000F5802 /* Button-Logout.png */ = {isa = PBXFileReference; lastKnownFileType = image.png; path = "Button-Logout.png"; sourceTree = "<group>"; };
		567FA3441702CBA9000F5802 /* Button-Vc.png */ = {isa = PBXFileReference; lastKnownFileType = image.png; path = "Button-Vc.png"; sourceTree = "<group>"; };
		567FA3451702CBA9000F5802 /* Button-Vf.png */ = {isa = PBXFileReference; lastKnownFileType = image.png; path = "Button-Vf.png"; sourceTree = "<group>"; };
		567FA3461702CBA9000F5802 /* Button-Vh.png */ = {isa = PBXFileReference; lastKnownFileType = image.png; path = "Button-Vh.png"; sourceTree = "<group>"; };
		567FA3471702CBA9000F5802 /* Button-Vi.png */ = {isa = PBXFileReference; lastKnownFileType = image.png; path = "Button-Vi.png"; sourceTree = "<group>"; };
		567FA3481702CBA9000F5802 /* Default-Landscape~ipad.png */ = {isa = PBXFileReference; lastKnownFileType = image.png; path = "Default-Landscape~ipad.png"; sourceTree = "<group>"; };
		567FA3491702CBA9000F5802 /* Device-Drive-degraded.png */ = {isa = PBXFileReference; lastKnownFileType = image.png; path = "Device-Drive-degraded.png"; sourceTree = "<group>"; };
		567FA34A1702CBA9000F5802 /* Device-Drive-disappeared.png */ = {isa = PBXFileReference; lastKnownFileType = image.png; path = "Device-Drive-disappeared.png"; sourceTree = "<group>"; };
		567FA34B1702CBA9000F5802 /* Device-Drive-healthy.png */ = {isa = PBXFileReference; lastKnownFileType = image.png; path = "Device-Drive-healthy.png"; sourceTree = "<group>"; };
		567FA34C1702CBA9000F5802 /* Device-Drive-problem.png */ = {isa = PBXFileReference; lastKnownFileType = image.png; path = "Device-Drive-problem.png"; sourceTree = "<group>"; };
		567FA34D1702CBA9000F5802 /* Device-Engine.png */ = {isa = PBXFileReference; lastKnownFileType = image.png; path = "Device-Engine.png"; sourceTree = "<group>"; };
		567FA3521702CBA9000F5802 /* Device-LUN-member-blue.png */ = {isa = PBXFileReference; lastKnownFileType = image.png; path = "Device-LUN-member-blue.png"; sourceTree = "<group>"; };
		567FA3531702CBA9000F5802 /* Device-LUN-member-green.png */ = {isa = PBXFileReference; lastKnownFileType = image.png; path = "Device-LUN-member-green.png"; sourceTree = "<group>"; };
		567FA3541702CBA9000F5802 /* Device-LUN-unit-healthy.png */ = {isa = PBXFileReference; lastKnownFileType = image.png; path = "Device-LUN-unit-healthy.png"; sourceTree = "<group>"; };
		567FA3551702CBA9000F5802 /* Device-PC.png */ = {isa = PBXFileReference; lastKnownFileType = image.png; path = "Device-PC.png"; sourceTree = "<group>"; };
		567FA3561702CBA9000F5802 /* Device-Raid-degraded.png */ = {isa = PBXFileReference; lastKnownFileType = image.png; path = "Device-Raid-degraded.png"; sourceTree = "<group>"; };
		567FA3571702CBA9000F5802 /* Device-Raid-disappeared.png */ = {isa = PBXFileReference; lastKnownFileType = image.png; path = "Device-Raid-disappeared.png"; sourceTree = "<group>"; };
		567FA3581702CBA9000F5802 /* Device-Raid-healthy.png */ = {isa = PBXFileReference; lastKnownFileType = image.png; path = "Device-Raid-healthy.png"; sourceTree = "<group>"; };
		567FA3591702CBA9000F5802 /* Device-Raid-problem.png */ = {isa = PBXFileReference; lastKnownFileType = image.png; path = "Device-Raid-problem.png"; sourceTree = "<group>"; };
		567FA35B1702CBA9000F5802 /* Device-Volume-degraded.png */ = {isa = PBXFileReference; lastKnownFileType = image.png; path = "Device-Volume-degraded.png"; sourceTree = "<group>"; };
		567FA35C1702CBA9000F5802 /* Device-Volume-disappeared.png */ = {isa = PBXFileReference; lastKnownFileType = image.png; path = "Device-Volume-disappeared.png"; sourceTree = "<group>"; };
		567FA35D1702CBA9000F5802 /* Device-Volume-healthy.png */ = {isa = PBXFileReference; lastKnownFileType = image.png; path = "Device-Volume-healthy.png"; sourceTree = "<group>"; };
		567FA35E1702CBA9000F5802 /* Device-Volume-problem.png */ = {isa = PBXFileReference; lastKnownFileType = image.png; path = "Device-Volume-problem.png"; sourceTree = "<group>"; };
		567FA35F1702CBA9000F5802 /* Hexagonal.png */ = {isa = PBXFileReference; lastKnownFileType = image.png; path = Hexagonal.png; sourceTree = "<group>"; };
		567FA3601702CBA9000F5802 /* Home-Button-DriveView.png */ = {isa = PBXFileReference; lastKnownFileType = image.png; path = "Home-Button-DriveView.png"; sourceTree = "<group>"; };
		567FA3611702CBA9000F5802 /* Home-Button-HAApplianceView.png */ = {isa = PBXFileReference; lastKnownFileType = image.png; path = "Home-Button-HAApplianceView.png"; sourceTree = "<group>"; };
		567FA3621702CBA9000F5802 /* Home-Button-HBAView.png */ = {isa = PBXFileReference; lastKnownFileType = image.png; path = "Home-Button-HBAView.png"; sourceTree = "<group>"; };
		567FA3631702CBA9000F5802 /* Home-Button-RaidView.png */ = {isa = PBXFileReference; lastKnownFileType = image.png; path = "Home-Button-RaidView.png"; sourceTree = "<group>"; };
		567FA3641702CBA9000F5802 /* Home-Button-VolumeView.png */ = {isa = PBXFileReference; lastKnownFileType = image.png; path = "Home-Button-VolumeView.png"; sourceTree = "<group>"; };
		567FA3651702CBA9000F5802 /* image-RAID-Configuration.png */ = {isa = PBXFileReference; lastKnownFileType = image.png; path = "image-RAID-Configuration.png"; sourceTree = "<group>"; };
		567FA3661702CBA9000F5802 /* Information-Board.png */ = {isa = PBXFileReference; lastKnownFileType = image.png; path = "Information-Board.png"; sourceTree = "<group>"; };
		567FA3671702CBA9000F5802 /* off.png */ = {isa = PBXFileReference; lastKnownFileType = image.png; path = off.png; sourceTree = "<group>"; };
		567FA3681702CBA9000F5802 /* Search-Bar.png */ = {isa = PBXFileReference; lastKnownFileType = image.png; path = "Search-Bar.png"; sourceTree = "<group>"; };
		567FA3691702CBA9000F5802 /* text-CircularMode.png */ = {isa = PBXFileReference; lastKnownFileType = image.png; path = "text-CircularMode.png"; sourceTree = "<group>"; };
		567FA36A1702CBA9000F5802 /* Text-Connection.png */ = {isa = PBXFileReference; lastKnownFileType = image.png; path = "Text-Connection.png"; sourceTree = "<group>"; };
		567FA36B1702CBA9000F5802 /* Text-CrystalSAN.png */ = {isa = PBXFileReference; lastKnownFileType = image.png; path = "Text-CrystalSAN.png"; sourceTree = "<group>"; };
		567FA36C1702CBA9000F5802 /* text-DiagonalMode.png */ = {isa = PBXFileReference; lastKnownFileType = image.png; path = "text-DiagonalMode.png"; sourceTree = "<group>"; };
		567FA36D1702CBA9000F5802 /* Text-Drive View.png */ = {isa = PBXFileReference; lastKnownFileType = image.png; path = "Text-Drive View.png"; sourceTree = "<group>"; };
		567FA36E1702CBA9000F5802 /* Text-HA Appliance View - Cluster.png */ = {isa = PBXFileReference; lastKnownFileType = image.png; path = "Text-HA Appliance View - Cluster.png"; sourceTree = "<group>"; };
		567FA36F1702CBA9000F5802 /* Text-HA Appliance View - Connection.png */ = {isa = PBXFileReference; lastKnownFileType = image.png; path = "Text-HA Appliance View - Connection.png"; sourceTree = "<group>"; };
		567FA3701702CBA9000F5802 /* Text-HA Appliance View - History.png */ = {isa = PBXFileReference; lastKnownFileType = image.png; path = "Text-HA Appliance View - History.png"; sourceTree = "<group>"; };
		567FA3711702CBA9000F5802 /* Text-HA Appliance View - Mirror.png */ = {isa = PBXFileReference; lastKnownFileType = image.png; path = "Text-HA Appliance View - Mirror.png"; sourceTree = "<group>"; };
		567FA3721702CBA9000F5802 /* Text-HA Appliance View.png */ = {isa = PBXFileReference; lastKnownFileType = image.png; path = "Text-HA Appliance View.png"; sourceTree = "<group>"; };
		567FA3731702CBA9000F5802 /* Text-HBA View.png */ = {isa = PBXFileReference; lastKnownFileType = image.png; path = "Text-HBA View.png"; sourceTree = "<group>"; };
		567FA3741702CBA9000F5802 /* Text-Home.png */ = {isa = PBXFileReference; lastKnownFileType = image.png; path = "Text-Home.png"; sourceTree = "<group>"; };
		567FA3751702CBA9000F5802 /* Text-Map.png */ = {isa = PBXFileReference; lastKnownFileType = image.png; path = "Text-Map.png"; sourceTree = "<group>"; };
		567FA3761702CBA9000F5802 /* Text-RAID View.png */ = {isa = PBXFileReference; lastKnownFileType = image.png; path = "Text-RAID View.png"; sourceTree = "<group>"; };
		567FA3771702CBA9000F5802 /* Text-Vc.png */ = {isa = PBXFileReference; lastKnownFileType = image.png; path = "Text-Vc.png"; sourceTree = "<group>"; };
		567FA3781702CBA9000F5802 /* Text-Vf.png */ = {isa = PBXFileReference; lastKnownFileType = image.png; path = "Text-Vf.png"; sourceTree = "<group>"; };
		567FA3791702CBA9000F5802 /* Text-Vi.png */ = {isa = PBXFileReference; lastKnownFileType = image.png; path = "Text-Vi.png"; sourceTree = "<group>"; };
		567FA37A1702CBA9000F5802 /* Text-Volume View.png */ = {isa = PBXFileReference; lastKnownFileType = image.png; path = "Text-Volume View.png"; sourceTree = "<group>"; };
		567FA37B1702CBA9000F5802 /* uislider-left.png */ = {isa = PBXFileReference; lastKnownFileType = image.png; path = "uislider-left.png"; sourceTree = "<group>"; };
		567FA37C1702CBA9000F5802 /* uislider-right.png */ = {isa = PBXFileReference; lastKnownFileType = image.png; path = "uislider-right.png"; sourceTree = "<group>"; };
		567FA37D1702CBA9000F5802 /* uislider-thumb.png */ = {isa = PBXFileReference; lastKnownFileType = image.png; path = "uislider-thumb.png"; sourceTree = "<group>"; };
		5690A8AC16FC88C6007FDC32 /* MapViewController.h */ = {isa = PBXFileReference; fileEncoding = 4; lastKnownFileType = sourcecode.c.h; path = MapViewController.h; sourceTree = "<group>"; };
		5690A8AD16FC88D6007FDC32 /* MapViewController.m */ = {isa = PBXFileReference; fileEncoding = 4; lastKnownFileType = sourcecode.c.objc; path = MapViewController.m; sourceTree = "<group>"; };
		5690A8AF16FC8A68007FDC32 /* MapKit.framework */ = {isa = PBXFileReference; lastKnownFileType = wrapper.framework; name = MapKit.framework; path = System/Library/Frameworks/MapKit.framework; sourceTree = SDKROOT; };
		56956C0D16FEDE0100F60A8A /* MKMapView+ZoomLevel.h */ = {isa = PBXFileReference; fileEncoding = 4; lastKnownFileType = sourcecode.c.h; path = "MKMapView+ZoomLevel.h"; sourceTree = "<group>"; };
		56956C0E16FEDE0100F60A8A /* MKMapView+ZoomLevel.m */ = {isa = PBXFileReference; fileEncoding = 4; lastKnownFileType = sourcecode.c.objc; path = "MKMapView+ZoomLevel.m"; sourceTree = "<group>"; };
		56956C0F16FEDE0100F60A8A /* README.markdown */ = {isa = PBXFileReference; fileEncoding = 4; lastKnownFileType = text; path = README.markdown; sourceTree = "<group>"; };
		56956C1216FF09A900F60A8A /* CoreLocation.framework */ = {isa = PBXFileReference; lastKnownFileType = wrapper.framework; name = CoreLocation.framework; path = System/Library/Frameworks/CoreLocation.framework; sourceTree = SDKROOT; };
		56956C141701447700F60A8A /* FLLocation.h */ = {isa = PBXFileReference; lastKnownFileType = sourcecode.c.h; path = FLLocation.h; sourceTree = "<group>"; };
		56956C151701447700F60A8A /* FLLocation.m */ = {isa = PBXFileReference; lastKnownFileType = sourcecode.c.objc; path = FLLocation.m; sourceTree = "<group>"; };
		56AC764F170A9AB100FAAF78 /* Device-Engine-healthy-L.png */ = {isa = PBXFileReference; lastKnownFileType = image.png; path = "Device-Engine-healthy-L.png"; sourceTree = "<group>"; };
		56AC7650170A9AB100FAAF78 /* Device-Engine-healthy-R.png */ = {isa = PBXFileReference; lastKnownFileType = image.png; path = "Device-Engine-healthy-R.png"; sourceTree = "<group>"; };
		56AC7651170A9AB100FAAF78 /* Device-Engine-healthy.png */ = {isa = PBXFileReference; lastKnownFileType = image.png; path = "Device-Engine-healthy.png"; sourceTree = "<group>"; };
		56AC7652170A9AB100FAAF78 /* Device-Engine-problem-L.png */ = {isa = PBXFileReference; lastKnownFileType = image.png; path = "Device-Engine-problem-L.png"; sourceTree = "<group>"; };
		56AC7653170A9AB100FAAF78 /* Device-Engine-problem-R.png */ = {isa = PBXFileReference; lastKnownFileType = image.png; path = "Device-Engine-problem-R.png"; sourceTree = "<group>"; };
		56AC7654170A9AB100FAAF78 /* Device-Engine-problem.png */ = {isa = PBXFileReference; lastKnownFileType = image.png; path = "Device-Engine-problem.png"; sourceTree = "<group>"; };
		56AC7660170A9F3700FAAF78 /* LICENSE.txt */ = {isa = PBXFileReference; fileEncoding = 4; lastKnownFileType = text; path = LICENSE.txt; sourceTree = "<group>"; };
		56AC7662170A9F3700FAAF78 /* SourceCodePro-Black.otf */ = {isa = PBXFileReference; lastKnownFileType = file; path = "SourceCodePro-Black.otf"; sourceTree = "<group>"; };
		56AC7663170A9F3700FAAF78 /* SourceCodePro-Bold.otf */ = {isa = PBXFileReference; lastKnownFileType = file; path = "SourceCodePro-Bold.otf"; sourceTree = "<group>"; };
		56AC7669170A9F3700FAAF78 /* ReadMe.html */ = {isa = PBXFileReference; fileEncoding = 4; lastKnownFileType = text.html; path = ReadMe.html; sourceTree = "<group>"; };
		56AC766A170A9F3700FAAF78 /* SourceCodeProReadMe.html */ = {isa = PBXFileReference; fileEncoding = 4; lastKnownFileType = text.html; path = SourceCodeProReadMe.html; sourceTree = "<group>"; };
		56AC7686170AC1AF00FAAF78 /* parse_engine_all.exp */ = {isa = PBXFileReference; fileEncoding = 4; lastKnownFileType = sourcecode.exports; path = parse_engine_all.exp; sourceTree = "<group>"; };
		56AC7688170AC1E200FAAF78 /* public-parse-xml-proc.exp */ = {isa = PBXFileReference; fileEncoding = 4; lastKnownFileType = sourcecode.exports; path = "public-parse-xml-proc.exp"; sourceTree = "<group>"; };
		56BD566F16E99A8400E56664 /* Settings.bundle */ = {isa = PBXFileReference; lastKnownFileType = "wrapper.plug-in"; path = Settings.bundle; sourceTree = "<group>"; };
		56BDEC71169BE6B50076CD6B /* RaidViewVcController.h */ = {isa = PBXFileReference; fileEncoding = 4; lastKnownFileType = sourcecode.c.h; path = RaidViewVcController.h; sourceTree = "<group>"; };
		56BDEC72169BE6D10076CD6B /* RaidViewVcController.m */ = {isa = PBXFileReference; fileEncoding = 4; lastKnownFileType = sourcecode.c.objc; path = RaidViewVcController.m; sourceTree = "<group>"; };
		56C4AF2B16F1787E00E829A2 /* engine_cli_conmgr_drive_status.xml */ = {isa = PBXFileReference; fileEncoding = 4; lastKnownFileType = text.xml; path = engine_cli_conmgr_drive_status.xml; sourceTree = "<group>"; };
		56C4AF2C16F1787E00E829A2 /* engine_cli_conmgr_drive_status_detail.xml */ = {isa = PBXFileReference; fileEncoding = 4; lastKnownFileType = text.xml; path = engine_cli_conmgr_drive_status_detail.xml; sourceTree = "<group>"; };
		56C4AF2D16F1787E00E829A2 /* engine_cli_conmgr_engine_status.xml */ = {isa = PBXFileReference; fileEncoding = 4; lastKnownFileType = text.xml; path = engine_cli_conmgr_engine_status.xml; sourceTree = "<group>"; };
		56C4AF2E16F1787E00E829A2 /* engine_cli_conmgr_initiator_status.xml */ = {isa = PBXFileReference; fileEncoding = 4; lastKnownFileType = text.xml; path = engine_cli_conmgr_initiator_status.xml; sourceTree = "<group>"; };
		56C4AF2F16F1787E00E829A2 /* engine_cli_conmgr_initiator_status_detail.xml */ = {isa = PBXFileReference; fileEncoding = 4; lastKnownFileType = text.xml; path = engine_cli_conmgr_initiator_status_detail.xml; sourceTree = "<group>"; };
		56C4AF3016F1787E00E829A2 /* engine_cli_mirror_all.xml */ = {isa = PBXFileReference; fileEncoding = 4; lastKnownFileType = text.xml; path = engine_cli_mirror_all.xml; sourceTree = "<group>"; };
		56C4AF3116F1787E00E829A2 /* engine_cli_vpd_all.xml */ = {isa = PBXFileReference; fileEncoding = 4; lastKnownFileType = text.xml; path = engine_cli_vpd_all.xml; sourceTree = "<group>"; };
		56C4AF3216F1787E00E829A2 /* get_account.php */ = {isa = PBXFileReference; fileEncoding = 4; lastKnownFileType = text.script.php; path = get_account.php; sourceTree = "<group>"; };
		56C4AF3316F1787E00E829A2 /* get_engine_cli_conmgr_drive_status.php */ = {isa = PBXFileReference; fileEncoding = 4; lastKnownFileType = text.script.php; path = get_engine_cli_conmgr_drive_status.php; sourceTree = "<group>"; };
		56C4AF3416F1787E00E829A2 /* get_engine_cli_conmgr_drive_status_detail.php */ = {isa = PBXFileReference; fileEncoding = 4; lastKnownFileType = text.script.php; path = get_engine_cli_conmgr_drive_status_detail.php; sourceTree = "<group>"; };
		56C4AF3516F1787E00E829A2 /* get_engine_cli_conmgr_engine_status.php */ = {isa = PBXFileReference; fileEncoding = 4; lastKnownFileType = text.script.php; path = get_engine_cli_conmgr_engine_status.php; sourceTree = "<group>"; };
		56C4AF3616F1787E00E829A2 /* get_engine_cli_conmgr_initiator_status.php */ = {isa = PBXFileReference; fileEncoding = 4; lastKnownFileType = text.script.php; path = get_engine_cli_conmgr_initiator_status.php; sourceTree = "<group>"; };
		56C4AF3716F1787E00E829A2 /* get_engine_cli_conmgr_initiator_status_detail.php */ = {isa = PBXFileReference; fileEncoding = 4; lastKnownFileType = text.script.php; path = get_engine_cli_conmgr_initiator_status_detail.php; sourceTree = "<group>"; };
		56C4AF3816F1787E00E829A2 /* get_engine_cli_mirror_all.php */ = {isa = PBXFileReference; fileEncoding = 4; lastKnownFileType = text.script.php; path = get_engine_cli_mirror_all.php; sourceTree = "<group>"; };
		56C4AF3916F1787E00E829A2 /* get_engine_cli_vpd_all.php */ = {isa = PBXFileReference; fileEncoding = 4; lastKnownFileType = text.script.php; path = get_engine_cli_vpd_all.php; sourceTree = "<group>"; };
		56C4AF3A16F1787E00E829A2 /* get_ha_cluster_all.php */ = {isa = PBXFileReference; fileEncoding = 4; lastKnownFileType = text.script.php; path = get_ha_cluster_all.php; sourceTree = "<group>"; };
		56C4AF3B16F1787E00E829A2 /* index.php */ = {isa = PBXFileReference; fileEncoding = 4; lastKnownFileType = text.script.php; path = index.php; sourceTree = "<group>"; };
		56C4AF3C16F1787E00E829A2 /* phpinfo.php */ = {isa = PBXFileReference; fileEncoding = 4; lastKnownFileType = text.script.php; path = phpinfo.php; sourceTree = "<group>"; };
		56C4AF3D16F1787E00E829A2 /* README.md */ = {isa = PBXFileReference; fileEncoding = 4; lastKnownFileType = text; path = README.md; sourceTree = "<group>"; };
		56C4AF3E16F1787E00E829A2 /* san_site_name.php */ = {isa = PBXFileReference; fileEncoding = 4; lastKnownFileType = text.script.php; path = san_site_name.php; sourceTree = "<group>"; };
		56C4AF4016F1787E00E829A2 /* sqlite.php */ = {isa = PBXFileReference; fileEncoding = 4; lastKnownFileType = text.script.php; path = sqlite.php; sourceTree = "<group>"; };
		56C4AF4116F1787E00E829A2 /* sqlite3_exec.php */ = {isa = PBXFileReference; fileEncoding = 4; lastKnownFileType = text.script.php; path = sqlite3_exec.php; sourceTree = "<group>"; };
		56C4AF4216F1787E00E829A2 /* sqlite3_opendatabase.php */ = {isa = PBXFileReference; fileEncoding = 4; lastKnownFileType = text.script.php; path = sqlite3_opendatabase.php; sourceTree = "<group>"; };
		56C4AF4316F1787E00E829A2 /* sqlite_createtable.php */ = {isa = PBXFileReference; fileEncoding = 4; lastKnownFileType = text.script.php; path = sqlite_createtable.php; sourceTree = "<group>"; };
		56C4AF4416F1787E00E829A2 /* sqlite_createtable2.php */ = {isa = PBXFileReference; fileEncoding = 4; lastKnownFileType = text.script.php; path = sqlite_createtable2.php; sourceTree = "<group>"; };
		56C4AF4516F1787E00E829A2 /* sqlite_insert.php */ = {isa = PBXFileReference; fileEncoding = 4; lastKnownFileType = text.script.php; path = sqlite_insert.php; sourceTree = "<group>"; };
		56C4AF6916F19C9000E829A2 /* samplexml.php */ = {isa = PBXFileReference; fileEncoding = 4; lastKnownFileType = text.script.php; path = samplexml.php; sourceTree = "<group>"; };
		56C4AF6B16F1A24800E829A2 /* XMLParser.h */ = {isa = PBXFileReference; fileEncoding = 4; lastKnownFileType = sourcecode.c.h; path = XMLParser.h; sourceTree = "<group>"; };
		56C4AF6C16F1A24800E829A2 /* XMLParser.m */ = {isa = PBXFileReference; fileEncoding = 4; lastKnownFileType = sourcecode.c.objc; path = XMLParser.m; sourceTree = "<group>"; };
		56C9874C16E44C8D0066AC2C /* DriveViewController.h */ = {isa = PBXFileReference; fileEncoding = 4; lastKnownFileType = sourcecode.c.h; path = DriveViewController.h; sourceTree = "<group>"; };
		56C9874D16E44CB20066AC2C /* DriveViewController.m */ = {isa = PBXFileReference; fileEncoding = 4; lastKnownFileType = sourcecode.c.objc; path = DriveViewController.m; sourceTree = "<group>"; };
		56C9875116E452CE0066AC2C /* HbaViewController.h */ = {isa = PBXFileReference; fileEncoding = 4; lastKnownFileType = sourcecode.c.h; path = HbaViewController.h; sourceTree = "<group>"; };
		56C9875216E452E00066AC2C /* HbaViewController.m */ = {isa = PBXFileReference; fileEncoding = 4; lastKnownFileType = sourcecode.c.objc; path = HbaViewController.m; sourceTree = "<group>"; };
		56D191D616E080D0002BB2B5 /* MirrorViewRController.h */ = {isa = PBXFileReference; fileEncoding = 4; lastKnownFileType = sourcecode.c.h; path = MirrorViewRController.h; sourceTree = "<group>"; };
		56D191D716E080F0002BB2B5 /* MirrorViewRController.m */ = {isa = PBXFileReference; fileEncoding = 4; lastKnownFileType = sourcecode.c.objc; path = MirrorViewRController.m; sourceTree = "<group>"; };
		56D191D916E085C9002BB2B5 /* HAApplianceClusterViewController.h */ = {isa = PBXFileReference; fileEncoding = 4; lastKnownFileType = sourcecode.c.h; path = HAApplianceClusterViewController.h; sourceTree = "<group>"; };
		56D191DA16E085DB002BB2B5 /* HAApplianceClusterViewController.m */ = {isa = PBXFileReference; fileEncoding = 4; lastKnownFileType = sourcecode.c.objc; path = HAApplianceClusterViewController.m; sourceTree = "<group>"; };
		56EB752D1689D06A0082A5D2 /* CrystalSAN.app */ = {isa = PBXFileReference; explicitFileType = wrapper.application; includeInIndex = 0; path = CrystalSAN.app; sourceTree = BUILT_PRODUCTS_DIR; };
		56EB75311689D06A0082A5D2 /* UIKit.framework */ = {isa = PBXFileReference; lastKnownFileType = wrapper.framework; name = UIKit.framework; path = System/Library/Frameworks/UIKit.framework; sourceTree = SDKROOT; };
		56EB75331689D06A0082A5D2 /* Foundation.framework */ = {isa = PBXFileReference; lastKnownFileType = wrapper.framework; name = Foundation.framework; path = System/Library/Frameworks/Foundation.framework; sourceTree = SDKROOT; };
		56EB75351689D06A0082A5D2 /* CoreGraphics.framework */ = {isa = PBXFileReference; lastKnownFileType = wrapper.framework; name = CoreGraphics.framework; path = System/Library/Frameworks/CoreGraphics.framework; sourceTree = SDKROOT; };
		56EB75391689D06A0082A5D2 /* CrystalSAN-Info.plist */ = {isa = PBXFileReference; lastKnownFileType = text.plist.xml; path = "CrystalSAN-Info.plist"; sourceTree = "<group>"; };
		56EB753B1689D06A0082A5D2 /* en */ = {isa = PBXFileReference; lastKnownFileType = text.plist.strings; name = en; path = en.lproj/InfoPlist.strings; sourceTree = "<group>"; };
		56EB753D1689D06A0082A5D2 /* main.m */ = {isa = PBXFileReference; lastKnownFileType = sourcecode.c.objc; path = main.m; sourceTree = "<group>"; };
		56EB753F1689D06A0082A5D2 /* CrystalSAN-Prefix.pch */ = {isa = PBXFileReference; lastKnownFileType = sourcecode.c.h; path = "CrystalSAN-Prefix.pch"; sourceTree = "<group>"; };
		56EB75401689D06A0082A5D2 /* AppDelegate.h */ = {isa = PBXFileReference; lastKnownFileType = sourcecode.c.h; path = AppDelegate.h; sourceTree = "<group>"; };
		56EB75411689D06A0082A5D2 /* AppDelegate.m */ = {isa = PBXFileReference; lastKnownFileType = sourcecode.c.objc; path = AppDelegate.m; sourceTree = "<group>"; };
		56EB75431689D06A0082A5D2 /* Default.png */ = {isa = PBXFileReference; lastKnownFileType = image.png; path = Default.png; sourceTree = "<group>"; };
		56EB75451689D06A0082A5D2 /* Default@2x.png */ = {isa = PBXFileReference; lastKnownFileType = image.png; path = "Default@2x.png"; sourceTree = "<group>"; };
		56EB75471689D06A0082A5D2 /* Default-568h@2x.png */ = {isa = PBXFileReference; lastKnownFileType = image.png; path = "Default-568h@2x.png"; sourceTree = "<group>"; };
		56EB754A1689D06A0082A5D2 /* en */ = {isa = PBXFileReference; lastKnownFileType = file.storyboard; name = en; path = en.lproj/MainStoryboard.storyboard; sourceTree = "<group>"; };
		56EB754C1689D06A0082A5D2 /* MainViewController.h */ = {isa = PBXFileReference; lastKnownFileType = sourcecode.c.h; path = MainViewController.h; sourceTree = "<group>"; };
		56EB754D1689D06A0082A5D2 /* MainViewController.m */ = {isa = PBXFileReference; lastKnownFileType = sourcecode.c.objc; path = MainViewController.m; sourceTree = "<group>"; };
		56EB75671689D26B0082A5D2 /* iCarousel.h */ = {isa = PBXFileReference; lastKnownFileType = sourcecode.c.h; path = iCarousel.h; sourceTree = "<group>"; };
		56EB75681689D26B0082A5D2 /* iCarousel.m */ = {isa = PBXFileReference; lastKnownFileType = sourcecode.c.objc; path = iCarousel.m; sourceTree = "<group>"; };
		56EB75691689D2DF0082A5D2 /* QuartzCore.framework */ = {isa = PBXFileReference; lastKnownFileType = wrapper.framework; name = QuartzCore.framework; path = System/Library/Frameworks/QuartzCore.framework; sourceTree = SDKROOT; };
		56EB756B1689DFA80082A5D2 /* CoverFlowViewController.h */ = {isa = PBXFileReference; lastKnownFileType = sourcecode.c.h; path = CoverFlowViewController.h; sourceTree = "<group>"; };
		56EB756C1689DFA80082A5D2 /* CoverFlowViewController.m */ = {isa = PBXFileReference; lastKnownFileType = sourcecode.c.objc; path = CoverFlowViewController.m; sourceTree = "<group>"; };
		56EB756D168AA1790082A5D2 /* ReadMe.txt */ = {isa = PBXFileReference; fileEncoding = 4; lastKnownFileType = text; path = ReadMe.txt; sourceTree = "<group>"; };
		56EB7576168BF70B0082A5D2 /* RaidViewController.h */ = {isa = PBXFileReference; fileEncoding = 4; lastKnownFileType = sourcecode.c.h; path = RaidViewController.h; sourceTree = "<group>"; };
		56EB7577168BF70B0082A5D2 /* RaidViewController.m */ = {isa = PBXFileReference; fileEncoding = 4; lastKnownFileType = sourcecode.c.objc; path = RaidViewController.m; sourceTree = "<group>"; };
		56EB7579168BFA670082A5D2 /* VolumeViewController.h */ = {isa = PBXFileReference; fileEncoding = 4; lastKnownFileType = sourcecode.c.h; path = VolumeViewController.h; sourceTree = "<group>"; };
		56EB757A168BFA670082A5D2 /* VolumeViewController.m */ = {isa = PBXFileReference; fileEncoding = 4; lastKnownFileType = sourcecode.c.objc; path = VolumeViewController.m; sourceTree = "<group>"; };
		56EB757C168BFA800082A5D2 /* HAApplianceViewController.h */ = {isa = PBXFileReference; fileEncoding = 4; lastKnownFileType = sourcecode.c.h; path = HAApplianceViewController.h; sourceTree = "<group>"; };
		56EB757D168BFA800082A5D2 /* HAApplianceViewController.m */ = {isa = PBXFileReference; fileEncoding = 4; lastKnownFileType = sourcecode.c.objc; path = HAApplianceViewController.m; sourceTree = "<group>"; };
		56EB76CC16901A020082A5D2 /* CrystalSAN.entitlements */ = {isa = PBXFileReference; lastKnownFileType = text.xml; path = CrystalSAN.entitlements; sourceTree = "<group>"; };
/* End PBXFileReference section */

/* Begin PBXFrameworksBuildPhase section */
		56EB752A1689D06A0082A5D2 /* Frameworks */ = {
			isa = PBXFrameworksBuildPhase;
			buildActionMask = 2147483647;
			files = (
				56956C1316FF09A900F60A8A /* CoreLocation.framework in Frameworks */,
				5690A8B016FC8A68007FDC32 /* MapKit.framework in Frameworks */,
				5623C78216BD565E009410B2 /* libsqlite3.0.dylib in Frameworks */,
				56EB756A1689D2E00082A5D2 /* QuartzCore.framework in Frameworks */,
				56EB75321689D06A0082A5D2 /* UIKit.framework in Frameworks */,
				56EB75341689D06A0082A5D2 /* Foundation.framework in Frameworks */,
				56EB75361689D06A0082A5D2 /* CoreGraphics.framework in Frameworks */,
			);
			runOnlyForDeploymentPostprocessing = 0;
		};
/* End PBXFrameworksBuildPhase section */

/* Begin PBXGroup section */
		5600033B170546CA0043A9EE /* MBProgressHUD */ = {
			isa = PBXGroup;
			children = (
				5600033C170546CA0043A9EE /* MBProgressHUD.h */,
				5600033D170546CA0043A9EE /* MBProgressHUD.m */,
			);
			path = MBProgressHUD;
			sourceTree = "<group>";
		};
		560EC26616FC54CC000B505C /* expect */ = {
			isa = PBXGroup;
			children = (
				560EC26916FC54CC000B505C /* script.sh */,
				560EC26A16FC54CC000B505C /* Scripts */,
				560EC27816FC54CC000B505C /* test_parse_engine_all.exp */,
			);
			path = expect;
			sourceTree = "<group>";
		};
		560EC26A16FC54CC000B505C /* Scripts */ = {
			isa = PBXGroup;
			children = (
				56AC7686170AC1AF00FAAF78 /* parse_engine_all.exp */,
				56AC7688170AC1E200FAAF78 /* public-parse-xml-proc.exp */,
				560EC27516FC54CC000B505C /* scan_ha_cluster.exp */,
			);
			path = Scripts;
			sourceTree = "<group>";
		};
		5623C76F16BD54BF009410B2 /* FMDatabase */ = {
			isa = PBXGroup;
			children = (
				5623C77016BD54BF009410B2 /* FMDatabase.h */,
				5623C77116BD54BF009410B2 /* FMDatabase.m */,
				5623C77216BD54BF009410B2 /* FMDatabaseAdditions.h */,
				5623C77316BD54BF009410B2 /* FMDatabaseAdditions.m */,
				5623C77416BD54BF009410B2 /* FMDatabasePool.h */,
				5623C77516BD54BF009410B2 /* FMDatabasePool.m */,
				5623C77616BD54BF009410B2 /* FMDatabaseQueue.h */,
				5623C77716BD54BF009410B2 /* FMDatabaseQueue.m */,
				5623C77916BD54BF009410B2 /* FMResultSet.h */,
				5623C77A16BD54BF009410B2 /* FMResultSet.m */,
			);
			name = FMDatabase;
			path = src;
			sourceTree = "<group>";
		};
		567FA33B17029C7D000F5802 /* HAApplianceView */ = {
			isa = PBXGroup;
			children = (
				56EB757C168BFA800082A5D2 /* HAApplianceViewController.h */,
				56EB757D168BFA800082A5D2 /* HAApplianceViewController.m */,
				56D191D916E085C9002BB2B5 /* HAApplianceClusterViewController.h */,
				56D191DA16E085DB002BB2B5 /* HAApplianceClusterViewController.m */,
				565057FD16F93BD300CCFF7D /* HAApplianceMirrorViewController.h */,
				565057FE16F93BE300CCFF7D /* HAApplianceMirrorViewController.m */,
				565057C416F7E8BC00CCFF7D /* HAApplianceConnectionViewController.h */,
				565057C516F7E8C900CCFF7D /* HAApplianceConnectionViewController.m */,
			);
			name = HAApplianceView;
			sourceTree = "<group>";
		};
		567FA33C1702CBA9000F5802 /* images */ = {
			isa = PBXGroup;
			children = (
				5609AC80170D61BF00BB5BE5 /* iTunesArtwork */,
				567FA33D1702CBA9000F5802 /* appicon144.png */,
				567FA33E1702CBA9000F5802 /* appicon72.png */,
				567FA33F1702CBA9000F5802 /* background.png */,
				567FA3401702CBA9000F5802 /* button-Arrow.png */,
				567FA3411702CBA9000F5802 /* Button-Back.png */,
				567FA3421702CBA9000F5802 /* Button-Home.png */,
				567FA3431702CBA9000F5802 /* Button-Logout.png */,
				567FA3441702CBA9000F5802 /* Button-Vc.png */,
				567FA3451702CBA9000F5802 /* Button-Vf.png */,
				567FA3461702CBA9000F5802 /* Button-Vh.png */,
				567FA3471702CBA9000F5802 /* Button-Vi.png */,
				567FA3481702CBA9000F5802 /* Default-Landscape~ipad.png */,
				567FA3491702CBA9000F5802 /* Device-Drive-degraded.png */,
				567FA34A1702CBA9000F5802 /* Device-Drive-disappeared.png */,
				567FA34B1702CBA9000F5802 /* Device-Drive-healthy.png */,
				567FA34C1702CBA9000F5802 /* Device-Drive-problem.png */,
				567FA34D1702CBA9000F5802 /* Device-Engine.png */,
				5609AC67170D43EF00BB5BE5 /* Device-Engine-blank-R.png */,
				56AC764F170A9AB100FAAF78 /* Device-Engine-healthy-L.png */,
				56AC7650170A9AB100FAAF78 /* Device-Engine-healthy-R.png */,
				56AC7651170A9AB100FAAF78 /* Device-Engine-healthy.png */,
				56AC7652170A9AB100FAAF78 /* Device-Engine-problem-L.png */,
				56AC7653170A9AB100FAAF78 /* Device-Engine-problem-R.png */,
				56AC7654170A9AB100FAAF78 /* Device-Engine-problem.png */,
				5600033F17056AE60043A9EE /* Device-Engine 1:2 Left.png */,
				5600034017056AE60043A9EE /* Device-Engine 1:2 Right.png */,
				5609AC69170D446000BB5BE5 /* Device-HA-Appliance-degraded.png */,
				5609AC6A170D446000BB5BE5 /* Device-HA-Appliance-disappeared.png */,
				5609AC6B170D446000BB5BE5 /* Device-HA-Appliance-healthy.png */,
				5609AC6C170D446000BB5BE5 /* Device-HA-Appliance-problem.png */,
				56552E35170C0BBC000CA5FB /* Device-HBA-degraded.png */,
				56552E36170C0BBC000CA5FB /* Device-HBA-disappeared.png */,
				56552E37170C0BBC000CA5FB /* Device-HBA-healthy.png */,
				56552E38170C0BBC000CA5FB /* Device-HBA-problem.png */,
				567FA3521702CBA9000F5802 /* Device-LUN-member-blue.png */,
				567FA3531702CBA9000F5802 /* Device-LUN-member-green.png */,
				567FA3541702CBA9000F5802 /* Device-LUN-unit-healthy.png */,
				567FA3551702CBA9000F5802 /* Device-PC.png */,
				567FA3561702CBA9000F5802 /* Device-Raid-degraded.png */,
				567FA3571702CBA9000F5802 /* Device-Raid-disappeared.png */,
				567FA3581702CBA9000F5802 /* Device-Raid-healthy.png */,
				567FA3591702CBA9000F5802 /* Device-Raid-problem.png */,
				567FA35B1702CBA9000F5802 /* Device-Volume-degraded.png */,
				567FA35C1702CBA9000F5802 /* Device-Volume-disappeared.png */,
				567FA35D1702CBA9000F5802 /* Device-Volume-healthy.png */,
				567FA35E1702CBA9000F5802 /* Device-Volume-problem.png */,
				5609AC79170D556C00BB5BE5 /* Item-Site.png */,
				567FA35F1702CBA9000F5802 /* Hexagonal.png */,
				567FA3601702CBA9000F5802 /* Home-Button-DriveView.png */,
				567FA3611702CBA9000F5802 /* Home-Button-HAApplianceView.png */,
				567FA3621702CBA9000F5802 /* Home-Button-HBAView.png */,
				567FA3631702CBA9000F5802 /* Home-Button-RaidView.png */,
				567FA3641702CBA9000F5802 /* Home-Button-VolumeView.png */,
				5609AC75170D48C300BB5BE5 /* Home-Button-SiteView.png */,
				567FA3651702CBA9000F5802 /* image-RAID-Configuration.png */,
				567FA3661702CBA9000F5802 /* Information-Board.png */,
				567FA3671702CBA9000F5802 /* off.png */,
				567FA3681702CBA9000F5802 /* Search-Bar.png */,
				567FA3691702CBA9000F5802 /* text-CircularMode.png */,
				567FA36A1702CBA9000F5802 /* Text-Connection.png */,
				567FA36B1702CBA9000F5802 /* Text-CrystalSAN.png */,
				567FA36C1702CBA9000F5802 /* text-DiagonalMode.png */,
				567FA36D1702CBA9000F5802 /* Text-Drive View.png */,
				567FA36E1702CBA9000F5802 /* Text-HA Appliance View - Cluster.png */,
				567FA36F1702CBA9000F5802 /* Text-HA Appliance View - Connection.png */,
				567FA3701702CBA9000F5802 /* Text-HA Appliance View - History.png */,
				567FA3711702CBA9000F5802 /* Text-HA Appliance View - Mirror.png */,
				567FA3721702CBA9000F5802 /* Text-HA Appliance View.png */,
				567FA3731702CBA9000F5802 /* Text-HBA View.png */,
				567FA3741702CBA9000F5802 /* Text-Home.png */,
				567FA3751702CBA9000F5802 /* Text-Map.png */,
				567FA3761702CBA9000F5802 /* Text-RAID View.png */,
				567FA3771702CBA9000F5802 /* Text-Vc.png */,
				567FA3781702CBA9000F5802 /* Text-Vf.png */,
				567FA3791702CBA9000F5802 /* Text-Vi.png */,
				567FA37A1702CBA9000F5802 /* Text-Volume View.png */,
				567FA37B1702CBA9000F5802 /* uislider-left.png */,
				567FA37C1702CBA9000F5802 /* uislider-right.png */,
				567FA37D1702CBA9000F5802 /* uislider-thumb.png */,
				5609AC7C170D575A00BB5BE5 /* UISliderBackground.png */,
				5609AC7E170D5E0E00BB5BE5 /* coordinate.png */,
				5609AC82170D7AD500BB5BE5 /* CalloutBackground.png */,
				5609AC83170D7AD500BB5BE5 /* CalloutButton.png */,
				5609AC86170D7B8100BB5BE5 /* SiteViewCarouselBackground.png */,
			);
			name = images;
			path = CrystalSAN/images;
			sourceTree = "<group>";
		};
		56956C0C16FEDE0100F60A8A /* MKMapViewZoom */ = {
			isa = PBXGroup;
			children = (
				56956C0D16FEDE0100F60A8A /* MKMapView+ZoomLevel.h */,
				56956C0E16FEDE0100F60A8A /* MKMapView+ZoomLevel.m */,
				56956C0F16FEDE0100F60A8A /* README.markdown */,
			);
			name = MKMapViewZoom;
			path = "MKMapViewZoom-master";
			sourceTree = "<group>";
		};
		56956C161701448300F60A8A /* FLLocation */ = {
			isa = PBXGroup;
			children = (
				56956C141701447700F60A8A /* FLLocation.h */,
				56956C151701447700F60A8A /* FLLocation.m */,
			);
			name = FLLocation;
			path = ..;
			sourceTree = "<group>";
		};
		56AC765F170A9F3700FAAF78 /* SourceCodePro_FontsOnly-1.017 */ = {
			isa = PBXGroup;
			children = (
				56AC7660170A9F3700FAAF78 /* LICENSE.txt */,
				56AC7661170A9F3700FAAF78 /* OTF */,
				56AC7669170A9F3700FAAF78 /* ReadMe.html */,
				56AC766A170A9F3700FAAF78 /* SourceCodeProReadMe.html */,
			);
			path = "SourceCodePro_FontsOnly-1.017";
			sourceTree = "<group>";
		};
		56AC7661170A9F3700FAAF78 /* OTF */ = {
			isa = PBXGroup;
			children = (
				56AC7662170A9F3700FAAF78 /* SourceCodePro-Black.otf */,
				56AC7663170A9F3700FAAF78 /* SourceCodePro-Bold.otf */,
			);
			path = OTF;
			sourceTree = "<group>";
		};
		56C4AF2A16F1787E00E829A2 /* CrystalSANServer */ = {
			isa = PBXGroup;
			children = (
				563E63C3170B1E87008DD960 /* server.db */,
				56C4AF2B16F1787E00E829A2 /* engine_cli_conmgr_drive_status.xml */,
				56C4AF2C16F1787E00E829A2 /* engine_cli_conmgr_drive_status_detail.xml */,
				56C4AF2D16F1787E00E829A2 /* engine_cli_conmgr_engine_status.xml */,
				56C4AF2E16F1787E00E829A2 /* engine_cli_conmgr_initiator_status.xml */,
				56C4AF2F16F1787E00E829A2 /* engine_cli_conmgr_initiator_status_detail.xml */,
				56C4AF3016F1787E00E829A2 /* engine_cli_mirror_all.xml */,
				56C4AF3116F1787E00E829A2 /* engine_cli_vpd_all.xml */,
				56C4AF3216F1787E00E829A2 /* get_account.php */,
				56C4AF3316F1787E00E829A2 /* get_engine_cli_conmgr_drive_status.php */,
				56C4AF3416F1787E00E829A2 /* get_engine_cli_conmgr_drive_status_detail.php */,
				56C4AF3516F1787E00E829A2 /* get_engine_cli_conmgr_engine_status.php */,
				56C4AF3616F1787E00E829A2 /* get_engine_cli_conmgr_initiator_status.php */,
				56C4AF3716F1787E00E829A2 /* get_engine_cli_conmgr_initiator_status_detail.php */,
				56C4AF3816F1787E00E829A2 /* get_engine_cli_mirror_all.php */,
				56C4AF3916F1787E00E829A2 /* get_engine_cli_vpd_all.php */,
				56C4AF3A16F1787E00E829A2 /* get_ha_cluster_all.php */,
				56C4AF6916F19C9000E829A2 /* samplexml.php */,
				56C4AF3B16F1787E00E829A2 /* index.php */,
				56C4AF3C16F1787E00E829A2 /* phpinfo.php */,
				56C4AF3D16F1787E00E829A2 /* README.md */,
				56C4AF3E16F1787E00E829A2 /* san_site_name.php */,
				56C4AF4016F1787E00E829A2 /* sqlite.php */,
				56C4AF4116F1787E00E829A2 /* sqlite3_exec.php */,
				56C4AF4216F1787E00E829A2 /* sqlite3_opendatabase.php */,
				56C4AF4316F1787E00E829A2 /* sqlite_createtable.php */,
				56C4AF4416F1787E00E829A2 /* sqlite_createtable2.php */,
				56C4AF4516F1787E00E829A2 /* sqlite_insert.php */,
			);
			name = CrystalSANServer;
			path = ../../../../../../Library/WebServer/Documents/CrystalSANServer;
			sourceTree = "<group>";
		};
		56EB75221689D06A0082A5D2 = {
			isa = PBXGroup;
			children = (
				56EB756D168AA1790082A5D2 /* ReadMe.txt */,
				56C4AF2A16F1787E00E829A2 /* CrystalSANServer */,
				560EC26616FC54CC000B505C /* expect */,
				56EB75541689D12B0082A5D2 /* Resource */,
				56EB75371689D06A0082A5D2 /* CrystalSAN */,
				56EB75301689D06A0082A5D2 /* Frameworks */,
				56EB752E1689D06A0082A5D2 /* Products */,
			);
			sourceTree = "<group>";
		};
		56EB752E1689D06A0082A5D2 /* Products */ = {
			isa = PBXGroup;
			children = (
				56EB752D1689D06A0082A5D2 /* CrystalSAN.app */,
			);
			name = Products;
			sourceTree = "<group>";
		};
		56EB75301689D06A0082A5D2 /* Frameworks */ = {
			isa = PBXGroup;
			children = (
				5690A8AF16FC8A68007FDC32 /* MapKit.framework */,
				56956C1216FF09A900F60A8A /* CoreLocation.framework */,
				5623C78116BD565E009410B2 /* libsqlite3.0.dylib */,
				56EB75691689D2DF0082A5D2 /* QuartzCore.framework */,
				56EB75311689D06A0082A5D2 /* UIKit.framework */,
				56EB75331689D06A0082A5D2 /* Foundation.framework */,
				56EB75351689D06A0082A5D2 /* CoreGraphics.framework */,
			);
			name = Frameworks;
			sourceTree = "<group>";
		};
		56EB75371689D06A0082A5D2 /* CrystalSAN */ = {
			isa = PBXGroup;
			children = (
				56956C161701448300F60A8A /* FLLocation */,
				5600033B170546CA0043A9EE /* MBProgressHUD */,
				567FA33B17029C7D000F5802 /* HAApplianceView */,
				56EB76CC16901A020082A5D2 /* CrystalSAN.entitlements */,
				56C4AF6B16F1A24800E829A2 /* XMLParser.h */,
				56C4AF6C16F1A24800E829A2 /* XMLParser.m */,
				5623C76016BD50F0009410B2 /* SanDatabase.h */,
				5623C76116BD50F0009410B2 /* SanDatabase.m */,
				561284E016A8DE0800F53C49 /* CustomPushSegue.h */,
				561284E116A8DE0800F53C49 /* CustomPushSegue.m */,
				561284D716A7CDF200F53C49 /* FlipTopPopToRoot.h */,
				561284D616A7CDF200F53C49 /* FlipTopPopToRoot.m */,
				56D191D616E080D0002BB2B5 /* MirrorViewRController.h */,
				56D191D716E080F0002BB2B5 /* MirrorViewRController.m */,
				56BDEC71169BE6B50076CD6B /* RaidViewVcController.h */,
				56BDEC72169BE6D10076CD6B /* RaidViewVcController.m */,
				56EB7576168BF70B0082A5D2 /* RaidViewController.h */,
				56EB7577168BF70B0082A5D2 /* RaidViewController.m */,
				56EB75401689D06A0082A5D2 /* AppDelegate.h */,
				56EB75411689D06A0082A5D2 /* AppDelegate.m */,
				56C9875116E452CE0066AC2C /* HbaViewController.h */,
				56C9875216E452E00066AC2C /* HbaViewController.m */,
				56C9874C16E44C8D0066AC2C /* DriveViewController.h */,
				56C9874D16E44CB20066AC2C /* DriveViewController.m */,
				56EB7579168BFA670082A5D2 /* VolumeViewController.h */,
				56EB757A168BFA670082A5D2 /* VolumeViewController.m */,
				56EB75491689D06A0082A5D2 /* MainStoryboard.storyboard */,
				56EB754C1689D06A0082A5D2 /* MainViewController.h */,
				56EB754D1689D06A0082A5D2 /* MainViewController.m */,
				5690A8AC16FC88C6007FDC32 /* MapViewController.h */,
				5690A8AD16FC88D6007FDC32 /* MapViewController.m */,
				56EB756B1689DFA80082A5D2 /* CoverFlowViewController.h */,
				56EB756C1689DFA80082A5D2 /* CoverFlowViewController.m */,
				56956C0C16FEDE0100F60A8A /* MKMapViewZoom */,
				5623C76F16BD54BF009410B2 /* FMDatabase */,
				56EB76AD168D7F010082A5D2 /* iCarousel 1.7.4 */,
				56EB75381689D06A0082A5D2 /* Supporting Files */,
			);
			path = CrystalSAN;
			sourceTree = "<group>";
		};
		56EB75381689D06A0082A5D2 /* Supporting Files */ = {
			isa = PBXGroup;
			children = (
				56BD566F16E99A8400E56664 /* Settings.bundle */,
				56EB75391689D06A0082A5D2 /* CrystalSAN-Info.plist */,
				56EB753A1689D06A0082A5D2 /* InfoPlist.strings */,
				56EB753D1689D06A0082A5D2 /* main.m */,
				56EB753F1689D06A0082A5D2 /* CrystalSAN-Prefix.pch */,
				56EB75431689D06A0082A5D2 /* Default.png */,
				56EB75451689D06A0082A5D2 /* Default@2x.png */,
				56EB75471689D06A0082A5D2 /* Default-568h@2x.png */,
			);
			name = "Supporting Files";
			sourceTree = "<group>";
		};
		56EB75541689D12B0082A5D2 /* Resource */ = {
			isa = PBXGroup;
			children = (
				56AC765F170A9F3700FAAF78 /* SourceCodePro_FontsOnly-1.017 */,
				567FA33C1702CBA9000F5802 /* images */,
			);
			name = Resource;
			sourceTree = "<group>";
		};
		56EB76AD168D7F010082A5D2 /* iCarousel 1.7.4 */ = {
			isa = PBXGroup;
			children = (
				56EB75671689D26B0082A5D2 /* iCarousel.h */,
				56EB75681689D26B0082A5D2 /* iCarousel.m */,
			);
			name = "iCarousel 1.7.4";
			sourceTree = "<group>";
		};
/* End PBXGroup section */

/* Begin PBXNativeTarget section */
		56EB752C1689D06A0082A5D2 /* CrystalSAN */ = {
			isa = PBXNativeTarget;
			buildConfigurationList = 56EB75511689D06A0082A5D2 /* Build configuration list for PBXNativeTarget "CrystalSAN" */;
			buildPhases = (
				56EB75291689D06A0082A5D2 /* Sources */,
				56EB752A1689D06A0082A5D2 /* Frameworks */,
				56EB752B1689D06A0082A5D2 /* Resources */,
			);
			buildRules = (
			);
			dependencies = (
			);
			name = CrystalSAN;
			productName = CrystalSAN;
			productReference = 56EB752D1689D06A0082A5D2 /* CrystalSAN.app */;
			productType = "com.apple.product-type.application";
		};
/* End PBXNativeTarget section */

/* Begin PBXProject section */
		56EB75241689D06A0082A5D2 /* Project object */ = {
			isa = PBXProject;
			attributes = {
				LastUpgradeCheck = 0450;
				ORGANIZATIONNAME = "Charles Hsu";
			};
			buildConfigurationList = 56EB75271689D06A0082A5D2 /* Build configuration list for PBXProject "CrystalSAN" */;
			compatibilityVersion = "Xcode 3.2";
			developmentRegion = English;
			hasScannedForEncodings = 0;
			knownRegions = (
				en,
			);
			mainGroup = 56EB75221689D06A0082A5D2;
			productRefGroup = 56EB752E1689D06A0082A5D2 /* Products */;
			projectDirPath = "";
			projectRoot = "";
			targets = (
				56EB752C1689D06A0082A5D2 /* CrystalSAN */,
			);
		};
/* End PBXProject section */

/* Begin PBXResourcesBuildPhase section */
		56EB752B1689D06A0082A5D2 /* Resources */ = {
			isa = PBXResourcesBuildPhase;
			buildActionMask = 2147483647;
			files = (
				56EB753C1689D06A0082A5D2 /* InfoPlist.strings in Resources */,
				56EB75441689D06A0082A5D2 /* Default.png in Resources */,
				56EB75461689D06A0082A5D2 /* Default@2x.png in Resources */,
				56EB75481689D06A0082A5D2 /* Default-568h@2x.png in Resources */,
				56EB754B1689D06A0082A5D2 /* MainStoryboard.storyboard in Resources */,
				56EB756E168AA1790082A5D2 /* ReadMe.txt in Resources */,
				56BD567016E99A8400E56664 /* Settings.bundle in Resources */,
				56956C1116FEDE0100F60A8A /* README.markdown in Resources */,
				567FA37E1702CBA9000F5802 /* appicon144.png in Resources */,
				567FA37F1702CBA9000F5802 /* appicon72.png in Resources */,
				567FA3801702CBA9000F5802 /* background.png in Resources */,
				567FA3811702CBA9000F5802 /* button-Arrow.png in Resources */,
				567FA3821702CBA9000F5802 /* Button-Back.png in Resources */,
				567FA3831702CBA9000F5802 /* Button-Home.png in Resources */,
				567FA3841702CBA9000F5802 /* Button-Logout.png in Resources */,
				567FA3851702CBA9000F5802 /* Button-Vc.png in Resources */,
				567FA3861702CBA9000F5802 /* Button-Vf.png in Resources */,
				567FA3871702CBA9000F5802 /* Button-Vh.png in Resources */,
				567FA3881702CBA9000F5802 /* Button-Vi.png in Resources */,
				567FA3891702CBA9000F5802 /* Default-Landscape~ipad.png in Resources */,
				567FA38A1702CBA9000F5802 /* Device-Drive-degraded.png in Resources */,
				567FA38B1702CBA9000F5802 /* Device-Drive-disappeared.png in Resources */,
				567FA38C1702CBA9000F5802 /* Device-Drive-healthy.png in Resources */,
				567FA38D1702CBA9000F5802 /* Device-Drive-problem.png in Resources */,
				567FA38E1702CBA9000F5802 /* Device-Engine.png in Resources */,
				567FA3931702CBA9000F5802 /* Device-LUN-member-blue.png in Resources */,
				567FA3941702CBA9000F5802 /* Device-LUN-member-green.png in Resources */,
				567FA3951702CBA9000F5802 /* Device-LUN-unit-healthy.png in Resources */,
				567FA3961702CBA9000F5802 /* Device-PC.png in Resources */,
				567FA3971702CBA9000F5802 /* Device-Raid-degraded.png in Resources */,
				567FA3981702CBA9000F5802 /* Device-Raid-disappeared.png in Resources */,
				567FA3991702CBA9000F5802 /* Device-Raid-healthy.png in Resources */,
				567FA39A1702CBA9000F5802 /* Device-Raid-problem.png in Resources */,
				567FA39C1702CBA9000F5802 /* Device-Volume-degraded.png in Resources */,
				567FA39D1702CBA9000F5802 /* Device-Volume-disappeared.png in Resources */,
				567FA39E1702CBA9000F5802 /* Device-Volume-healthy.png in Resources */,
				567FA39F1702CBA9000F5802 /* Device-Volume-problem.png in Resources */,
				567FA3A01702CBA9000F5802 /* Hexagonal.png in Resources */,
				567FA3A11702CBA9000F5802 /* Home-Button-DriveView.png in Resources */,
				567FA3A21702CBA9000F5802 /* Home-Button-HAApplianceView.png in Resources */,
				567FA3A31702CBA9000F5802 /* Home-Button-HBAView.png in Resources */,
				567FA3A41702CBA9000F5802 /* Home-Button-RaidView.png in Resources */,
				567FA3A51702CBA9000F5802 /* Home-Button-VolumeView.png in Resources */,
				567FA3A61702CBA9000F5802 /* image-RAID-Configuration.png in Resources */,
				567FA3A71702CBA9000F5802 /* Information-Board.png in Resources */,
				567FA3A81702CBA9000F5802 /* off.png in Resources */,
				567FA3A91702CBA9000F5802 /* Search-Bar.png in Resources */,
				567FA3AA1702CBA9000F5802 /* text-CircularMode.png in Resources */,
				567FA3AB1702CBA9000F5802 /* Text-Connection.png in Resources */,
				567FA3AC1702CBA9000F5802 /* Text-CrystalSAN.png in Resources */,
				567FA3AD1702CBA9000F5802 /* text-DiagonalMode.png in Resources */,
				567FA3AE1702CBA9000F5802 /* Text-Drive View.png in Resources */,
				567FA3AF1702CBA9000F5802 /* Text-HA Appliance View - Cluster.png in Resources */,
				567FA3B01702CBA9000F5802 /* Text-HA Appliance View - Connection.png in Resources */,
				567FA3B11702CBA9000F5802 /* Text-HA Appliance View - History.png in Resources */,
				567FA3B21702CBA9000F5802 /* Text-HA Appliance View - Mirror.png in Resources */,
				567FA3B31702CBA9000F5802 /* Text-HA Appliance View.png in Resources */,
				567FA3B41702CBA9000F5802 /* Text-HBA View.png in Resources */,
				567FA3B51702CBA9000F5802 /* Text-Home.png in Resources */,
				567FA3B61702CBA9000F5802 /* Text-Map.png in Resources */,
				567FA3B71702CBA9000F5802 /* Text-RAID View.png in Resources */,
				567FA3B81702CBA9000F5802 /* Text-Vc.png in Resources */,
				567FA3B91702CBA9000F5802 /* Text-Vf.png in Resources */,
				567FA3BA1702CBA9000F5802 /* Text-Vi.png in Resources */,
				567FA3BB1702CBA9000F5802 /* Text-Volume View.png in Resources */,
				567FA3BC1702CBA9000F5802 /* uislider-left.png in Resources */,
				567FA3BD1702CBA9000F5802 /* uislider-right.png in Resources */,
				567FA3BE1702CBA9000F5802 /* uislider-thumb.png in Resources */,
				5600034117056AE60043A9EE /* Device-Engine 1:2 Left.png in Resources */,
				5600034217056AE60043A9EE /* Device-Engine 1:2 Right.png in Resources */,
				56AC7655170A9AB100FAAF78 /* Device-Engine-healthy-L.png in Resources */,
				56AC7656170A9AB100FAAF78 /* Device-Engine-healthy-R.png in Resources */,
				56AC7657170A9AB100FAAF78 /* Device-Engine-healthy.png in Resources */,
				56AC7658170A9AB100FAAF78 /* Device-Engine-problem-L.png in Resources */,
				56AC7659170A9AB100FAAF78 /* Device-Engine-problem-R.png in Resources */,
				56AC765A170A9AB100FAAF78 /* Device-Engine-problem.png in Resources */,
				56AC7673170A9F3700FAAF78 /* LICENSE.txt in Resources */,
				56AC7674170A9F3700FAAF78 /* SourceCodePro-Black.otf in Resources */,
				56AC7675170A9F3700FAAF78 /* SourceCodePro-Bold.otf in Resources */,
				56AC767B170A9F3700FAAF78 /* ReadMe.html in Resources */,
				56AC767C170A9F3700FAAF78 /* SourceCodeProReadMe.html in Resources */,
				563E63C4170B1E87008DD960 /* server.db in Resources */,
				56552E39170C0BBC000CA5FB /* Device-HBA-degraded.png in Resources */,
				56552E3A170C0BBC000CA5FB /* Device-HBA-disappeared.png in Resources */,
				56552E3B170C0BBC000CA5FB /* Device-HBA-healthy.png in Resources */,
				56552E3C170C0BBC000CA5FB /* Device-HBA-problem.png in Resources */,
				5609AC68170D43EF00BB5BE5 /* Device-Engine-blank-R.png in Resources */,
				5609AC6D170D446000BB5BE5 /* Device-HA-Appliance-degraded.png in Resources */,
				5609AC6E170D446000BB5BE5 /* Device-HA-Appliance-disappeared.png in Resources */,
				5609AC6F170D446000BB5BE5 /* Device-HA-Appliance-healthy.png in Resources */,
				5609AC70170D446000BB5BE5 /* Device-HA-Appliance-problem.png in Resources */,
				5609AC76170D48C300BB5BE5 /* Home-Button-SiteView.png in Resources */,
				5609AC7A170D556C00BB5BE5 /* Item-Site.png in Resources */,
				5609AC7D170D575A00BB5BE5 /* UISliderBackground.png in Resources */,
				5609AC7F170D5E0E00BB5BE5 /* coordinate.png in Resources */,
				5609AC81170D61BF00BB5BE5 /* iTunesArtwork in Resources */,
				5609AC84170D7AD500BB5BE5 /* CalloutBackground.png in Resources */,
				5609AC85170D7AD500BB5BE5 /* CalloutButton.png in Resources */,
				5609AC87170D7B8200BB5BE5 /* SiteViewCarouselBackground.png in Resources */,
			);
			runOnlyForDeploymentPostprocessing = 0;
		};
/* End PBXResourcesBuildPhase section */

/* Begin PBXSourcesBuildPhase section */
		56EB75291689D06A0082A5D2 /* Sources */ = {
			isa = PBXSourcesBuildPhase;
			buildActionMask = 2147483647;
			files = (
				56956C1717014A0200F60A8A /* FLLocation.m in Sources */,
				5612850B16A8E50600F53C49 /* FlipTopPopToRoot.m in Sources */,
				561284E216A8DF8E00F53C49 /* CustomPushSegue.m in Sources */,
				56EB756F168AB0670082A5D2 /* iCarousel.m in Sources */,
				56EB753E1689D06A0082A5D2 /* main.m in Sources */,
				56EB75421689D06A0082A5D2 /* AppDelegate.m in Sources */,
				56EB754E1689D06A0082A5D2 /* MainViewController.m in Sources */,
				56EB7578168BF70B0082A5D2 /* RaidViewController.m in Sources */,
				56EB757B168BFA680082A5D2 /* VolumeViewController.m in Sources */,
				56EB757E168BFA800082A5D2 /* HAApplianceViewController.m in Sources */,
				56BDEC73169BE6D10076CD6B /* RaidViewVcController.m in Sources */,
				5623C76216BD50F1009410B2 /* SanDatabase.m in Sources */,
				5623C77B16BD54BF009410B2 /* FMDatabase.m in Sources */,
				5623C77C16BD54BF009410B2 /* FMDatabaseAdditions.m in Sources */,
				5623C77D16BD54BF009410B2 /* FMDatabasePool.m in Sources */,
				5623C77E16BD54BF009410B2 /* FMDatabaseQueue.m in Sources */,
				5623C78016BD54BF009410B2 /* FMResultSet.m in Sources */,
				56D191D816E080F0002BB2B5 /* MirrorViewRController.m in Sources */,
				56D191DB16E085DB002BB2B5 /* HAApplianceClusterViewController.m in Sources */,
				56C9874E16E44CB20066AC2C /* DriveViewController.m in Sources */,
				56C9875316E452E00066AC2C /* HbaViewController.m in Sources */,
				56C4AF6D16F1A24800E829A2 /* XMLParser.m in Sources */,
				565057C616F7E8CA00CCFF7D /* HAApplianceConnectionViewController.m in Sources */,
				565057FF16F93BE800CCFF7D /* HAApplianceMirrorViewController.m in Sources */,
				5690A8AE16FC88D6007FDC32 /* MapViewController.m in Sources */,
				56956C1016FEDE0100F60A8A /* MKMapView+ZoomLevel.m in Sources */,
				5600033E170546CA0043A9EE /* MBProgressHUD.m in Sources */,
			);
			runOnlyForDeploymentPostprocessing = 0;
		};
/* End PBXSourcesBuildPhase section */

/* Begin PBXVariantGroup section */
		56EB753A1689D06A0082A5D2 /* InfoPlist.strings */ = {
			isa = PBXVariantGroup;
			children = (
				56EB753B1689D06A0082A5D2 /* en */,
			);
			name = InfoPlist.strings;
			sourceTree = "<group>";
		};
		56EB75491689D06A0082A5D2 /* MainStoryboard.storyboard */ = {
			isa = PBXVariantGroup;
			children = (
				56EB754A1689D06A0082A5D2 /* en */,
			);
			name = MainStoryboard.storyboard;
			sourceTree = "<group>";
		};
/* End PBXVariantGroup section */

/* Begin XCBuildConfiguration section */
		56EB754F1689D06A0082A5D2 /* Debug */ = {
			isa = XCBuildConfiguration;
			buildSettings = {
				ALWAYS_SEARCH_USER_PATHS = NO;
				CLANG_CXX_LANGUAGE_STANDARD = "gnu++0x";
				CLANG_CXX_LIBRARY = "libc++";
				CLANG_ENABLE_OBJC_ARC = YES;
				CLANG_WARN_EMPTY_BODY = YES;
				CLANG_WARN__DUPLICATE_METHOD_MATCH = YES;
				"CODE_SIGN_IDENTITY[sdk=iphoneos*]" = "iPhone Developer";
				COPY_PHASE_STRIP = NO;
				GCC_C_LANGUAGE_STANDARD = gnu99;
				GCC_DYNAMIC_NO_PIC = NO;
				GCC_OPTIMIZATION_LEVEL = 0;
				GCC_PREPROCESSOR_DEFINITIONS = (
					"DEBUG=1",
					"$(inherited)",
				);
				GCC_SYMBOLS_PRIVATE_EXTERN = NO;
				GCC_WARN_ABOUT_RETURN_TYPE = YES;
				GCC_WARN_UNINITIALIZED_AUTOS = YES;
				GCC_WARN_UNUSED_VARIABLE = YES;
				IPHONEOS_DEPLOYMENT_TARGET = 5.1;
				ONLY_ACTIVE_ARCH = YES;
				SDKROOT = iphoneos;
				TARGETED_DEVICE_FAMILY = 2;
			};
			name = Debug;
		};
		56EB75501689D06A0082A5D2 /* Release */ = {
			isa = XCBuildConfiguration;
			buildSettings = {
				ALWAYS_SEARCH_USER_PATHS = NO;
				CLANG_CXX_LANGUAGE_STANDARD = "gnu++0x";
				CLANG_CXX_LIBRARY = "libc++";
				CLANG_ENABLE_OBJC_ARC = YES;
				CLANG_WARN_EMPTY_BODY = YES;
				CLANG_WARN__DUPLICATE_METHOD_MATCH = YES;
				"CODE_SIGN_IDENTITY[sdk=iphoneos*]" = "iPhone Developer";
				COPY_PHASE_STRIP = YES;
				GCC_C_LANGUAGE_STANDARD = gnu99;
				GCC_WARN_ABOUT_RETURN_TYPE = YES;
				GCC_WARN_UNINITIALIZED_AUTOS = YES;
				GCC_WARN_UNUSED_VARIABLE = YES;
				IPHONEOS_DEPLOYMENT_TARGET = 5.1;
				OTHER_CFLAGS = "-DNS_BLOCK_ASSERTIONS=1";
				SDKROOT = iphoneos;
				TARGETED_DEVICE_FAMILY = 2;
				VALIDATE_PRODUCT = YES;
			};
			name = Release;
		};
		56EB75521689D06A0082A5D2 /* Debug */ = {
			isa = XCBuildConfiguration;
			buildSettings = {
				CODE_SIGN_ENTITLEMENTS = "";
				CODE_SIGN_IDENTITY = "iPhone Developer";
				"CODE_SIGN_IDENTITY[sdk=iphoneos*]" = "iPhone Developer";
				GCC_PRECOMPILE_PREFIX_HEADER = YES;
				GCC_PREFIX_HEADER = "CrystalSAN/CrystalSAN-Prefix.pch";
				INFOPLIST_FILE = "CrystalSAN/CrystalSAN-Info.plist";
				IPHONEOS_DEPLOYMENT_TARGET = 5.1;
				PRODUCT_NAME = "$(TARGET_NAME)";
				PROVISIONING_PROFILE = "";
				"PROVISIONING_PROFILE[sdk=iphoneos*]" = "";
				TARGETED_DEVICE_FAMILY = 2;
				WRAPPER_EXTENSION = app;
			};
			name = Debug;
		};
		56EB75531689D06A0082A5D2 /* Release */ = {
			isa = XCBuildConfiguration;
			buildSettings = {
				CODE_SIGN_ENTITLEMENTS = "";
				CODE_SIGN_IDENTITY = "";
				"CODE_SIGN_IDENTITY[sdk=iphoneos*]" = "";
				GCC_PRECOMPILE_PREFIX_HEADER = YES;
				GCC_PREFIX_HEADER = "CrystalSAN/CrystalSAN-Prefix.pch";
				INFOPLIST_FILE = "CrystalSAN/CrystalSAN-Info.plist";
				IPHONEOS_DEPLOYMENT_TARGET = 5.1;
				ONLY_ACTIVE_ARCH = YES;
				PRODUCT_NAME = "$(TARGET_NAME)";
				TARGETED_DEVICE_FAMILY = 2;
				WRAPPER_EXTENSION = app;
			};
			name = Release;
		};
		56EB76CA169019B90082A5D2 /* Ad Hoc Distribution */ = {
			isa = XCBuildConfiguration;
			buildSettings = {
				ALWAYS_SEARCH_USER_PATHS = NO;
				CLANG_CXX_LANGUAGE_STANDARD = "gnu++0x";
				CLANG_CXX_LIBRARY = "libc++";
				CLANG_ENABLE_OBJC_ARC = YES;
				CLANG_WARN_EMPTY_BODY = YES;
				CLANG_WARN__DUPLICATE_METHOD_MATCH = YES;
				CODE_SIGN_IDENTITY = "iPhone Distribution";
				"CODE_SIGN_IDENTITY[sdk=iphoneos*]" = "iPhone Distribution";
				COPY_PHASE_STRIP = YES;
				GCC_C_LANGUAGE_STANDARD = gnu99;
				GCC_WARN_ABOUT_RETURN_TYPE = YES;
				GCC_WARN_UNINITIALIZED_AUTOS = YES;
				GCC_WARN_UNUSED_VARIABLE = YES;
				IPHONEOS_DEPLOYMENT_TARGET = 5.1;
				OTHER_CFLAGS = "-DNS_BLOCK_ASSERTIONS=1";
				PROVISIONING_PROFILE = "";
				"PROVISIONING_PROFILE[sdk=iphoneos*]" = "";
				SDKROOT = iphoneos;
				TARGETED_DEVICE_FAMILY = 2;
				VALIDATE_PRODUCT = YES;
			};
			name = "Ad Hoc Distribution";
		};
		56EB76CB169019B90082A5D2 /* Ad Hoc Distribution */ = {
			isa = XCBuildConfiguration;
			buildSettings = {
				CODE_SIGN_ENTITLEMENTS = "";
				CODE_SIGN_IDENTITY = "iPhone Distribution: Pro Andy Inc.";
				"CODE_SIGN_IDENTITY[sdk=iphoneos*]" = "iPhone Distribution: Pro Andy Inc.";
				GCC_PRECOMPILE_PREFIX_HEADER = YES;
				GCC_PREFIX_HEADER = "CrystalSAN/CrystalSAN-Prefix.pch";
				INFOPLIST_FILE = "CrystalSAN/CrystalSAN-Info.plist";
				IPHONEOS_DEPLOYMENT_TARGET = 5.1;
				ONLY_ACTIVE_ARCH = YES;
				PRODUCT_NAME = "$(TARGET_NAME)";
				PROVISIONING_PROFILE = "4174B4CD-406A-4726-AA0E-0A00B88F97D9";
				TARGETED_DEVICE_FAMILY = 2;
				WRAPPER_EXTENSION = app;
			};
			name = "Ad Hoc Distribution";
		};
/* End XCBuildConfiguration section */

/* Begin XCConfigurationList section */
		56EB75271689D06A0082A5D2 /* Build configuration list for PBXProject "CrystalSAN" */ = {
			isa = XCConfigurationList;
			buildConfigurations = (
				56EB754F1689D06A0082A5D2 /* Debug */,
				56EB75501689D06A0082A5D2 /* Release */,
				56EB76CA169019B90082A5D2 /* Ad Hoc Distribution */,
			);
			defaultConfigurationIsVisible = 0;
			defaultConfigurationName = Release;
		};
		56EB75511689D06A0082A5D2 /* Build configuration list for PBXNativeTarget "CrystalSAN" */ = {
			isa = XCConfigurationList;
			buildConfigurations = (
				56EB75521689D06A0082A5D2 /* Debug */,
				56EB75531689D06A0082A5D2 /* Release */,
				56EB76CB169019B90082A5D2 /* Ad Hoc Distribution */,
			);
			defaultConfigurationIsVisible = 0;
			defaultConfigurationName = Release;
		};
/* End XCConfigurationList section */
	};
	rootObject = 56EB75241689D06A0082A5D2 /* Project object */;
}
